// !$*UTF8*$!
{
	archiveVersion = 1;
	classes = {
	};
	objectVersion = 46;
	objects = {

/* Begin PBXBuildFile section */
		DA0260971E9317A100CD0D2A /* MSearchEntryItemVerb.swift in Sources */ = {isa = PBXBuildFile; fileRef = DA0260961E9317A100CD0D2A /* MSearchEntryItemVerb.swift */; };
		DA0260991E93248400CD0D2A /* MSearchEntryTense.swift in Sources */ = {isa = PBXBuildFile; fileRef = DA0260981E93248400CD0D2A /* MSearchEntryTense.swift */; };
		DA03A86E1E97F660007F0827 /* VFavoritesBar.swift in Sources */ = {isa = PBXBuildFile; fileRef = DA03A86D1E97F660007F0827 /* VFavoritesBar.swift */; };
		DA03A8721E97F671007F0827 /* VFavoritesCell.swift in Sources */ = {isa = PBXBuildFile; fileRef = DA03A8711E97F671007F0827 /* VFavoritesCell.swift */; };
		DA03A8751E97F7E2007F0827 /* MFavorites.swift in Sources */ = {isa = PBXBuildFile; fileRef = DA03A8741E97F7E2007F0827 /* MFavorites.swift */; };
		DA03A8771E97F7EA007F0827 /* MFavoritesItem.swift in Sources */ = {isa = PBXBuildFile; fileRef = DA03A8761E97F7EA007F0827 /* MFavoritesItem.swift */; };
		DA03A8791E98374C007F0827 /* MSettingsItemResults.swift in Sources */ = {isa = PBXBuildFile; fileRef = DA03A8781E98374C007F0827 /* MSettingsItemResults.swift */; };
		DA03A87B1E98378D007F0827 /* VSettingsCellResults.swift in Sources */ = {isa = PBXBuildFile; fileRef = DA03A87A1E98378D007F0827 /* VSettingsCellResults.swift */; };
		DA03A87D1E98461B007F0827 /* MSearchOptionsItemStore.swift in Sources */ = {isa = PBXBuildFile; fileRef = DA03A87C1E98461B007F0827 /* MSearchOptionsItemStore.swift */; };
		DA03A87F1E985040007F0827 /* ExtensionString.swift in Sources */ = {isa = PBXBuildFile; fileRef = DA03A87E1E985040007F0827 /* ExtensionString.swift */; };
		DA1317421E8C4296000624CF /* MSearchContentMode.swift in Sources */ = {isa = PBXBuildFile; fileRef = DA1317411E8C4296000624CF /* MSearchContentMode.swift */; };
		DA1317441E8C42A4000624CF /* MSearchContentModeItem.swift in Sources */ = {isa = PBXBuildFile; fileRef = DA1317431E8C42A4000624CF /* MSearchContentModeItem.swift */; };
		DA1317461E8C5079000624CF /* MSearchContentModeItemDefinition.swift in Sources */ = {isa = PBXBuildFile; fileRef = DA1317451E8C5079000624CF /* MSearchContentModeItemDefinition.swift */; };
		DA1317481E8C5E78000624CF /* MSearchContentModeItemSynonyms.swift in Sources */ = {isa = PBXBuildFile; fileRef = DA1317471E8C5E78000624CF /* MSearchContentModeItemSynonyms.swift */; };
		DA13174A1E8C5E85000624CF /* MSearchContentModeItemAntonyms.swift in Sources */ = {isa = PBXBuildFile; fileRef = DA1317491E8C5E85000624CF /* MSearchContentModeItemAntonyms.swift */; };
		DA13174E1E8C5E9A000624CF /* MSearchContentModeItemTranslate.swift in Sources */ = {isa = PBXBuildFile; fileRef = DA13174D1E8C5E9A000624CF /* MSearchContentModeItemTranslate.swift */; };
		DA1317521E8C5EB8000624CF /* MSearchContentModeItemOrigins.swift in Sources */ = {isa = PBXBuildFile; fileRef = DA1317511E8C5EB8000624CF /* MSearchContentModeItemOrigins.swift */; };
		DA1F6FC01E8AEF1C00484942 /* LaunchScreen.storyboard in Resources */ = {isa = PBXBuildFile; fileRef = DA1F6F971E8AEF1C00484942 /* LaunchScreen.storyboard */; };
		DA1F6FC41E8AEF1C00484942 /* DManager.swift in Sources */ = {isa = PBXBuildFile; fileRef = DA1F6F9E1E8AEF1C00484942 /* DManager.swift */; };
		DA1F6FC51E8AEF1C00484942 /* ExtensionFileManager.swift in Sources */ = {isa = PBXBuildFile; fileRef = DA1F6FA01E8AEF1C00484942 /* ExtensionFileManager.swift */; };
		DA1F6FC61E8AEF1C00484942 /* ExtensionNotification.swift in Sources */ = {isa = PBXBuildFile; fileRef = DA1F6FA11E8AEF1C00484942 /* ExtensionNotification.swift */; };
		DA1F6FC71E8AEF1C00484942 /* ExtensionNSLayoutConstraint.swift in Sources */ = {isa = PBXBuildFile; fileRef = DA1F6FA21E8AEF1C00484942 /* ExtensionNSLayoutConstraint.swift */; };
		DA1F6FC81E8AEF1C00484942 /* ExtensionNSManagedObject.swift in Sources */ = {isa = PBXBuildFile; fileRef = DA1F6FA31E8AEF1C00484942 /* ExtensionNSManagedObject.swift */; };
		DA1F6FC91E8AEF1C00484942 /* ExtensionUICollectionReusableView.swift in Sources */ = {isa = PBXBuildFile; fileRef = DA1F6FA41E8AEF1C00484942 /* ExtensionUICollectionReusableView.swift */; };
		DA1F6FCA1E8AEF1C00484942 /* ExtensionUIColor.swift in Sources */ = {isa = PBXBuildFile; fileRef = DA1F6FA51E8AEF1C00484942 /* ExtensionUIColor.swift */; };
		DA1F6FCB1E8AEF1C00484942 /* ExtensionUIFont.swift in Sources */ = {isa = PBXBuildFile; fileRef = DA1F6FA61E8AEF1C00484942 /* ExtensionUIFont.swift */; };
		DA1F6FCC1E8AEF1C00484942 /* ExtensionURL.swift in Sources */ = {isa = PBXBuildFile; fileRef = DA1F6FA71E8AEF1C00484942 /* ExtensionURL.swift */; };
		DA1F6FCE1E8AEF1C00484942 /* Localizable.strings in Resources */ = {isa = PBXBuildFile; fileRef = DA1F6FAC1E8AEF1C00484942 /* Localizable.strings */; };
		DA1F6FD01E8AEF1C00484942 /* ResourceUrl.plist in Resources */ = {isa = PBXBuildFile; fileRef = DA1F6FAF1E8AEF1C00484942 /* ResourceUrl.plist */; };
		DA1F6FE21E8AF76800484942 /* VSearch.swift in Sources */ = {isa = PBXBuildFile; fileRef = DA1F6FE11E8AF76800484942 /* VSearch.swift */; };
		DA1F6FE41E8AF8F200484942 /* VSearchBar.swift in Sources */ = {isa = PBXBuildFile; fileRef = DA1F6FE31E8AF8F200484942 /* VSearchBar.swift */; };
		DA1F6FE61E8AFDFC00484942 /* VSearchBarField.swift in Sources */ = {isa = PBXBuildFile; fileRef = DA1F6FE51E8AFDFC00484942 /* VSearchBarField.swift */; };
		DA1F6FE81E8B069800484942 /* VSearchOptions.swift in Sources */ = {isa = PBXBuildFile; fileRef = DA1F6FE71E8B069800484942 /* VSearchOptions.swift */; };
		DA1F6FEA1E8B075200484942 /* VSearchOptionsCell.swift in Sources */ = {isa = PBXBuildFile; fileRef = DA1F6FE91E8B075200484942 /* VSearchOptionsCell.swift */; };
		DA1F6FEC1E8B13A400484942 /* generic.xcassets in Resources */ = {isa = PBXBuildFile; fileRef = DA1F6FEB1E8B13A400484942 /* generic.xcassets */; };
		DA1F6FEF1E8B13DD00484942 /* MSearchOptions.swift in Sources */ = {isa = PBXBuildFile; fileRef = DA1F6FEE1E8B13DD00484942 /* MSearchOptions.swift */; };
		DA1F6FF11E8B141900484942 /* MSearchOptionsItem.swift in Sources */ = {isa = PBXBuildFile; fileRef = DA1F6FF01E8B141900484942 /* MSearchOptionsItem.swift */; };
		DA1F6FF31E8B168B00484942 /* MSearchOptionsItemSettings.swift in Sources */ = {isa = PBXBuildFile; fileRef = DA1F6FF21E8B168B00484942 /* MSearchOptionsItemSettings.swift */; };
		DA22EFF91E93E739009AD88E /* MSearchEntryItemAdjective.swift in Sources */ = {isa = PBXBuildFile; fileRef = DA22EFF81E93E739009AD88E /* MSearchEntryItemAdjective.swift */; };
		DA22EFFB1E93E83F009AD88E /* MSearchEntryItemAdverb.swift in Sources */ = {isa = PBXBuildFile; fileRef = DA22EFFA1E93E83F009AD88E /* MSearchEntryItemAdverb.swift */; };
		DA22EFFD1E93EF51009AD88E /* MSearchEntryItemCombiningForm.swift in Sources */ = {isa = PBXBuildFile; fileRef = DA22EFFC1E93EF51009AD88E /* MSearchEntryItemCombiningForm.swift */; };
		DA22EFFF1E93EFD8009AD88E /* MSearchEntryItemConjunction.swift in Sources */ = {isa = PBXBuildFile; fileRef = DA22EFFE1E93EFD8009AD88E /* MSearchEntryItemConjunction.swift */; };
		DA22F0011E93F037009AD88E /* MSearchEntryItemContraction.swift in Sources */ = {isa = PBXBuildFile; fileRef = DA22F0001E93F037009AD88E /* MSearchEntryItemContraction.swift */; };
		DA22F0031E93F08B009AD88E /* MSearchEntryItemDeterminer.swift in Sources */ = {isa = PBXBuildFile; fileRef = DA22F0021E93F08B009AD88E /* MSearchEntryItemDeterminer.swift */; };
		DA22F0051E93F0F2009AD88E /* MSearchEntryItemIdiomatic.swift in Sources */ = {isa = PBXBuildFile; fileRef = DA22F0041E93F0F2009AD88E /* MSearchEntryItemIdiomatic.swift */; };
		DA22F0071E93F147009AD88E /* MSearchEntryItemInterjection.swift in Sources */ = {isa = PBXBuildFile; fileRef = DA22F0061E93F147009AD88E /* MSearchEntryItemInterjection.swift */; };
		DA22F0091E93F1A6009AD88E /* MSearchEntryItemNumeral.swift in Sources */ = {isa = PBXBuildFile; fileRef = DA22F0081E93F1A6009AD88E /* MSearchEntryItemNumeral.swift */; };
		DA22F00B1E93F1E9009AD88E /* MSearchEntryNumeral.swift in Sources */ = {isa = PBXBuildFile; fileRef = DA22F00A1E93F1E9009AD88E /* MSearchEntryNumeral.swift */; };
		DA22F00D1E93F383009AD88E /* MSearchEntryItemOther.swift in Sources */ = {isa = PBXBuildFile; fileRef = DA22F00C1E93F383009AD88E /* MSearchEntryItemOther.swift */; };
		DA22F00F1E93F3E4009AD88E /* MSearchEntryItemParticle.swift in Sources */ = {isa = PBXBuildFile; fileRef = DA22F00E1E93F3E4009AD88E /* MSearchEntryItemParticle.swift */; };
		DA22F0111E93F5D2009AD88E /* MSearchEntryItemPredeterminer.swift in Sources */ = {isa = PBXBuildFile; fileRef = DA22F0101E93F5D2009AD88E /* MSearchEntryItemPredeterminer.swift */; };
		DA22F0131E93F61B009AD88E /* MSearchEntryItemPrefix.swift in Sources */ = {isa = PBXBuildFile; fileRef = DA22F0121E93F61B009AD88E /* MSearchEntryItemPrefix.swift */; };
		DA22F0151E93F659009AD88E /* MSearchEntryItemPreposition.swift in Sources */ = {isa = PBXBuildFile; fileRef = DA22F0141E93F659009AD88E /* MSearchEntryItemPreposition.swift */; };
		DA22F0171E93F6C7009AD88E /* MSearchEntryItemPronoun.swift in Sources */ = {isa = PBXBuildFile; fileRef = DA22F0161E93F6C7009AD88E /* MSearchEntryItemPronoun.swift */; };
		DA22F0191E93F705009AD88E /* MSearchEntryItemResidual.swift in Sources */ = {isa = PBXBuildFile; fileRef = DA22F0181E93F705009AD88E /* MSearchEntryItemResidual.swift */; };
		DA22F01B1E93F75D009AD88E /* MSearchEntryItemSuffix.swift in Sources */ = {isa = PBXBuildFile; fileRef = DA22F01A1E93F75D009AD88E /* MSearchEntryItemSuffix.swift */; };
		DA22F01D1E93FAA7009AD88E /* VSearchContentHeader.swift in Sources */ = {isa = PBXBuildFile; fileRef = DA22F01C1E93FAA7009AD88E /* VSearchContentHeader.swift */; };
		DA22F0211E9444D8009AD88E /* MSearchRequestSynonyms.swift in Sources */ = {isa = PBXBuildFile; fileRef = DA22F0201E9444D8009AD88E /* MSearchRequestSynonyms.swift */; };
		DA22F0231E9448CB009AD88E /* MSearchSynonyms.swift in Sources */ = {isa = PBXBuildFile; fileRef = DA22F0221E9448CB009AD88E /* MSearchSynonyms.swift */; };
		DA22F0251E94672B009AD88E /* VSearchContentCellSynonyms.swift in Sources */ = {isa = PBXBuildFile; fileRef = DA22F0241E94672B009AD88E /* VSearchContentCellSynonyms.swift */; };
		DA2E83B91E8C02B600354343 /* VSearchResultsFlow.swift in Sources */ = {isa = PBXBuildFile; fileRef = DA2E83B81E8C02B600354343 /* VSearchResultsFlow.swift */; };
		DA2E83BB1E8C136700354343 /* VSearchContent.swift in Sources */ = {isa = PBXBuildFile; fileRef = DA2E83BA1E8C136700354343 /* VSearchContent.swift */; };
		DA2E83BF1E8C1DEE00354343 /* VSearchContentCell.swift in Sources */ = {isa = PBXBuildFile; fileRef = DA2E83BE1E8C1DEE00354343 /* VSearchContentCell.swift */; };
		DA4B23181E953BFE00F5FE1A /* MSearchRequest.swift in Sources */ = {isa = PBXBuildFile; fileRef = DA4B23171E953BFE00F5FE1A /* MSearchRequest.swift */; };
		DA4B231A1E95479D00F5FE1A /* MSearchAntonyms.swift in Sources */ = {isa = PBXBuildFile; fileRef = DA4B23191E95479D00F5FE1A /* MSearchAntonyms.swift */; };
		DA4B231C1E9548C200F5FE1A /* MSearchRequestAntonyms.swift in Sources */ = {isa = PBXBuildFile; fileRef = DA4B231B1E9548C200F5FE1A /* MSearchRequestAntonyms.swift */; };
		DA4B231E1E954E1900F5FE1A /* VSearchContentCellAntonyms.swift in Sources */ = {isa = PBXBuildFile; fileRef = DA4B231D1E954E1900F5FE1A /* VSearchContentCellAntonyms.swift */; };
		DA4B23201E954E5D00F5FE1A /* VSearchContentCellTranslations.swift in Sources */ = {isa = PBXBuildFile; fileRef = DA4B231F1E954E5D00F5FE1A /* VSearchContentCellTranslations.swift */; };
		DA4B23221E954EFE00F5FE1A /* MSearchTranslations.swift in Sources */ = {isa = PBXBuildFile; fileRef = DA4B23211E954EFE00F5FE1A /* MSearchTranslations.swift */; };
		DA4B23241E95547C00F5FE1A /* MSearchRequestTranslations.swift in Sources */ = {isa = PBXBuildFile; fileRef = DA4B23231E95547C00F5FE1A /* MSearchRequestTranslations.swift */; };
		DA71ED151E92955100D444C9 /* MSearchRequestEntry.swift in Sources */ = {isa = PBXBuildFile; fileRef = DA71ED141E92955100D444C9 /* MSearchRequestEntry.swift */; };
		DA71ED171E92A41C00D444C9 /* MSearchEntry.swift in Sources */ = {isa = PBXBuildFile; fileRef = DA71ED161E92A41C00D444C9 /* MSearchEntry.swift */; };
		DA71ED191E92A65400D444C9 /* MSearchEntryItem.swift in Sources */ = {isa = PBXBuildFile; fileRef = DA71ED181E92A65400D444C9 /* MSearchEntryItem.swift */; };
		DA71ED1B1E92AB3000D444C9 /* MSearchEntryFactory.swift in Sources */ = {isa = PBXBuildFile; fileRef = DA71ED1A1E92AB3000D444C9 /* MSearchEntryFactory.swift */; };
		DA71ED1D1E92ABA800D444C9 /* ResourceLexicalCategory.plist in Resources */ = {isa = PBXBuildFile; fileRef = DA71ED1C1E92ABA800D444C9 /* ResourceLexicalCategory.plist */; };
		DA90CB301E92B56300497AD0 /* MSearchEntryItemNoun.swift in Sources */ = {isa = PBXBuildFile; fileRef = DA90CB2F1E92B56300497AD0 /* MSearchEntryItemNoun.swift */; };
		DA90CB321E92B73B00497AD0 /* MSearchEntrySenses.swift in Sources */ = {isa = PBXBuildFile; fileRef = DA90CB311E92B73B00497AD0 /* MSearchEntrySenses.swift */; };
		DA90CB341E92C90D00497AD0 /* MSearchEntryNumber.swift in Sources */ = {isa = PBXBuildFile; fileRef = DA90CB331E92C90D00497AD0 /* MSearchEntryNumber.swift */; };
		DA90CB361E92DEA300497AD0 /* VSearchContentCellDefinition.swift in Sources */ = {isa = PBXBuildFile; fileRef = DA90CB351E92DEA300497AD0 /* VSearchContentCellDefinition.swift */; };
		DA90CB381E92F57500497AD0 /* VSearchContentMode.swift in Sources */ = {isa = PBXBuildFile; fileRef = DA90CB371E92F57500497AD0 /* VSearchContentMode.swift */; };
		DA90CB3A1E92F80A00497AD0 /* VSearchContentModeCell.swift in Sources */ = {isa = PBXBuildFile; fileRef = DA90CB391E92F80A00497AD0 /* VSearchContentModeCell.swift */; };
		DA9642C21E9692A30069375C /* MLanguage.swift in Sources */ = {isa = PBXBuildFile; fileRef = DA9642C11E9692A20069375C /* MLanguage.swift */; };
		DA9642C41E9692CA0069375C /* MLanguageEnglish.swift in Sources */ = {isa = PBXBuildFile; fileRef = DA9642C31E9692CA0069375C /* MLanguageEnglish.swift */; };
		DA9642C61E9692D40069375C /* MLanguageSpanish.swift in Sources */ = {isa = PBXBuildFile; fileRef = DA9642C51E9692D40069375C /* MLanguageSpanish.swift */; };
		DA9642C81E96A4A10069375C /* VSearchContentCellOrigins.swift in Sources */ = {isa = PBXBuildFile; fileRef = DA9642C71E96A4A10069375C /* VSearchContentCellOrigins.swift */; };
		DA9642CC1E96A7CB0069375C /* MSearchOrigins.swift in Sources */ = {isa = PBXBuildFile; fileRef = DA9642CB1E96A7CB0069375C /* MSearchOrigins.swift */; };
		DA9642CE1E96C87A0069375C /* MSearchOptionsItemRecent.swift in Sources */ = {isa = PBXBuildFile; fileRef = DA9642CD1E96C87A0069375C /* MSearchOptionsItemRecent.swift */; };
		DA9642D01E96CA490069375C /* CRecent.swift in Sources */ = {isa = PBXBuildFile; fileRef = DA9642CF1E96CA490069375C /* CRecent.swift */; };
		DA9642D31E96CAB10069375C /* VRecent.swift in Sources */ = {isa = PBXBuildFile; fileRef = DA9642D21E96CAB10069375C /* VRecent.swift */; };
		DA9642D51E96D6A30069375C /* VRecentHeader.swift in Sources */ = {isa = PBXBuildFile; fileRef = DA9642D41E96D6A30069375C /* VRecentHeader.swift */; };
		DA9642D71E96D6AD0069375C /* VRecentBar.swift in Sources */ = {isa = PBXBuildFile; fileRef = DA9642D61E96D6AD0069375C /* VRecentBar.swift */; };
		DA9642D91E96D6B40069375C /* VRecentCell.swift in Sources */ = {isa = PBXBuildFile; fileRef = DA9642D81E96D6B40069375C /* VRecentCell.swift */; };
		DA9642DC1E96E6480069375C /* MRecent.swift in Sources */ = {isa = PBXBuildFile; fileRef = DA9642DB1E96E6480069375C /* MRecent.swift */; };
		DA9642DE1E96E6540069375C /* MRecentDay.swift in Sources */ = {isa = PBXBuildFile; fileRef = DA9642DD1E96E6540069375C /* MRecentDay.swift */; };
		DA9642E01E96E65E0069375C /* MRecentEntry.swift in Sources */ = {isa = PBXBuildFile; fileRef = DA9642DF1E96E65E0069375C /* MRecentEntry.swift */; };
		DAA99CC21E8B1B02003B9E2C /* VSearchResults.swift in Sources */ = {isa = PBXBuildFile; fileRef = DAA99CC11E8B1B02003B9E2C /* VSearchResults.swift */; };
		DAA99CC41E8B2433003B9E2C /* MSearchResults.swift in Sources */ = {isa = PBXBuildFile; fileRef = DAA99CC31E8B2433003B9E2C /* MSearchResults.swift */; };
		DAA99CC61E8B24DD003B9E2C /* MSearchResultsItem.swift in Sources */ = {isa = PBXBuildFile; fileRef = DAA99CC51E8B24DD003B9E2C /* MSearchResultsItem.swift */; };
		DAA99CC81E8B2F22003B9E2C /* VSearchResultsCell.swift in Sources */ = {isa = PBXBuildFile; fileRef = DAA99CC71E8B2F22003B9E2C /* VSearchResultsCell.swift */; };
		DAC9AA3A1E9BC5F900469AEA /* VFroobPlusContent.swift in Sources */ = {isa = PBXBuildFile; fileRef = DAC9AA391E9BC5F900469AEA /* VFroobPlusContent.swift */; };
		DAC9AA3C1E9BC63C00469AEA /* VFroobPlusContentButtons.swift in Sources */ = {isa = PBXBuildFile; fileRef = DAC9AA3B1E9BC63C00469AEA /* VFroobPlusContentButtons.swift */; };
		DAC9AA3E1E9BFCCB00469AEA /* CStore.swift in Sources */ = {isa = PBXBuildFile; fileRef = DAC9AA3D1E9BFCCB00469AEA /* CStore.swift */; };
		DAC9AA4A1E9BFF7700469AEA /* MStore.swift in Sources */ = {isa = PBXBuildFile; fileRef = DAC9AA411E9BFF7700469AEA /* MStore.swift */; };
		DAC9AA4B1E9BFF7700469AEA /* MStoreItem.swift in Sources */ = {isa = PBXBuildFile; fileRef = DAC9AA421E9BFF7700469AEA /* MStoreItem.swift */; };
		DAC9AA4C1E9BFF7700469AEA /* MStoreItemStatus.swift in Sources */ = {isa = PBXBuildFile; fileRef = DAC9AA431E9BFF7700469AEA /* MStoreItemStatus.swift */; };
		DAC9AA4D1E9BFF7700469AEA /* MStoreItemStatusDeferred.swift in Sources */ = {isa = PBXBuildFile; fileRef = DAC9AA441E9BFF7700469AEA /* MStoreItemStatusDeferred.swift */; };
		DAC9AA4E1E9BFF7700469AEA /* MStoreItemStatusNew.swift in Sources */ = {isa = PBXBuildFile; fileRef = DAC9AA451E9BFF7700469AEA /* MStoreItemStatusNew.swift */; };
		DAC9AA4F1E9BFF7700469AEA /* MStoreItemStatusNotAvailable.swift in Sources */ = {isa = PBXBuildFile; fileRef = DAC9AA461E9BFF7700469AEA /* MStoreItemStatusNotAvailable.swift */; };
		DAC9AA501E9BFF7700469AEA /* MStoreItemStatusPurchased.swift in Sources */ = {isa = PBXBuildFile; fileRef = DAC9AA471E9BFF7700469AEA /* MStoreItemStatusPurchased.swift */; };
		DAC9AA511E9BFF7700469AEA /* MStoreItemStatusPurchasing.swift in Sources */ = {isa = PBXBuildFile; fileRef = DAC9AA481E9BFF7700469AEA /* MStoreItemStatusPurchasing.swift */; };
		DAC9AA5D1E9BFF8700469AEA /* VStore.swift in Sources */ = {isa = PBXBuildFile; fileRef = DAC9AA531E9BFF8700469AEA /* VStore.swift */; };
		DAC9AA5E1E9BFF8700469AEA /* VStoreBar.swift in Sources */ = {isa = PBXBuildFile; fileRef = DAC9AA541E9BFF8700469AEA /* VStoreBar.swift */; };
		DAC9AA5F1E9BFF8700469AEA /* VStoreCell.swift in Sources */ = {isa = PBXBuildFile; fileRef = DAC9AA551E9BFF8700469AEA /* VStoreCell.swift */; };
		DAC9AA601E9BFF8700469AEA /* VStoreCellDeferred.swift in Sources */ = {isa = PBXBuildFile; fileRef = DAC9AA561E9BFF8700469AEA /* VStoreCellDeferred.swift */; };
		DAC9AA611E9BFF8700469AEA /* VStoreCellNew.swift in Sources */ = {isa = PBXBuildFile; fileRef = DAC9AA571E9BFF8700469AEA /* VStoreCellNew.swift */; };
		DAC9AA621E9BFF8700469AEA /* VStoreCellNotAvailable.swift in Sources */ = {isa = PBXBuildFile; fileRef = DAC9AA581E9BFF8700469AEA /* VStoreCellNotAvailable.swift */; };
		DAC9AA631E9BFF8700469AEA /* VStoreCellPurchased.swift in Sources */ = {isa = PBXBuildFile; fileRef = DAC9AA591E9BFF8700469AEA /* VStoreCellPurchased.swift */; };
		DAC9AA641E9BFF8700469AEA /* VStoreCellPurchasing.swift in Sources */ = {isa = PBXBuildFile; fileRef = DAC9AA5A1E9BFF8700469AEA /* VStoreCellPurchasing.swift */; };
		DAC9AA651E9BFF8700469AEA /* VStoreFooter.swift in Sources */ = {isa = PBXBuildFile; fileRef = DAC9AA5B1E9BFF8700469AEA /* VStoreFooter.swift */; };
		DAC9AA661E9BFF8700469AEA /* VStoreHeader.swift in Sources */ = {isa = PBXBuildFile; fileRef = DAC9AA5C1E9BFF8700469AEA /* VStoreHeader.swift */; };
		DAC9AA681E9C027E00469AEA /* MStoreItemPlus.swift in Sources */ = {isa = PBXBuildFile; fileRef = DAC9AA671E9C027E00469AEA /* MStoreItemPlus.swift */; };
		DAD1E9841E8C769700D1BC66 /* VSettings.swift in Sources */ = {isa = PBXBuildFile; fileRef = DAD1E9831E8C769700D1BC66 /* VSettings.swift */; };
		DAD1E9861E8C772000D1BC66 /* VSettingsBar.swift in Sources */ = {isa = PBXBuildFile; fileRef = DAD1E9851E8C772000D1BC66 /* VSettingsBar.swift */; };
		DAD5B22F1E8EA6F200F5E481 /* spinner.xcassets in Resources */ = {isa = PBXBuildFile; fileRef = DAD5B22E1E8EA6F200F5E481 /* spinner.xcassets */; };
		DAD5B2391E8EA83D00F5E481 /* CSettings.swift in Sources */ = {isa = PBXBuildFile; fileRef = DAD5B2331E8EA83D00F5E481 /* CSettings.swift */; };
		DAD5B23A1E8EA83D00F5E481 /* CController.swift in Sources */ = {isa = PBXBuildFile; fileRef = DAD5B2341E8EA83D00F5E481 /* CController.swift */; };
		DAD5B23B1E8EA83D00F5E481 /* CAppDelegate.swift in Sources */ = {isa = PBXBuildFile; fileRef = DAD5B2351E8EA83D00F5E481 /* CAppDelegate.swift */; };
		DAD5B23C1E8EA83D00F5E481 /* CParent.swift in Sources */ = {isa = PBXBuildFile; fileRef = DAD5B2361E8EA83D00F5E481 /* CParent.swift */; };
		DAD5B23D1E8EA83D00F5E481 /* CFavorites.swift in Sources */ = {isa = PBXBuildFile; fileRef = DAD5B2371E8EA83D00F5E481 /* CFavorites.swift */; };
		DAD5B23E1E8EA83D00F5E481 /* CSearch.swift in Sources */ = {isa = PBXBuildFile; fileRef = DAD5B2381E8EA83D00F5E481 /* CSearch.swift */; };
		DAD5B2491E8EA8E500F5E481 /* VAlert.swift in Sources */ = {isa = PBXBuildFile; fileRef = DAD5B23F1E8EA8E500F5E481 /* VAlert.swift */; };
		DAD5B24A1E8EA8E500F5E481 /* VBlur.swift in Sources */ = {isa = PBXBuildFile; fileRef = DAD5B2401E8EA8E500F5E481 /* VBlur.swift */; };
		DAD5B24B1E8EA8E500F5E481 /* VBorder.swift in Sources */ = {isa = PBXBuildFile; fileRef = DAD5B2411E8EA8E500F5E481 /* VBorder.swift */; };
		DAD5B24C1E8EA8E500F5E481 /* VCollection.swift in Sources */ = {isa = PBXBuildFile; fileRef = DAD5B2421E8EA8E500F5E481 /* VCollection.swift */; };
		DAD5B24D1E8EA8E500F5E481 /* VCollectionFlow.swift in Sources */ = {isa = PBXBuildFile; fileRef = DAD5B2431E8EA8E500F5E481 /* VCollectionFlow.swift */; };
		DAD5B24E1E8EA8E500F5E481 /* VParent.swift in Sources */ = {isa = PBXBuildFile; fileRef = DAD5B2441E8EA8E500F5E481 /* VParent.swift */; };
		DAD5B24F1E8EA8E500F5E481 /* VParentPushBackground.swift in Sources */ = {isa = PBXBuildFile; fileRef = DAD5B2451E8EA8E500F5E481 /* VParentPushBackground.swift */; };
		DAD5B2501E8EA8E500F5E481 /* VSpinner.swift in Sources */ = {isa = PBXBuildFile; fileRef = DAD5B2461E8EA8E500F5E481 /* VSpinner.swift */; };
		DAD5B2511E8EA8E500F5E481 /* VToast.swift in Sources */ = {isa = PBXBuildFile; fileRef = DAD5B2471E8EA8E500F5E481 /* VToast.swift */; };
		DAD5B2521E8EA8E500F5E481 /* VView.swift in Sources */ = {isa = PBXBuildFile; fileRef = DAD5B2481E8EA8E500F5E481 /* VView.swift */; };
		DAD5B2551E8EA97E00F5E481 /* VFavorites.swift in Sources */ = {isa = PBXBuildFile; fileRef = DAD5B2541E8EA97E00F5E481 /* VFavorites.swift */; };
		DAD5B2591E8EAEF900F5E481 /* MSearchOptionsItemFavorites.swift in Sources */ = {isa = PBXBuildFile; fileRef = DAD5B2581E8EAEF900F5E481 /* MSearchOptionsItemFavorites.swift */; };
		DAD5B25C1E8EB9E100F5E481 /* DHyper.xcdatamodeld in Sources */ = {isa = PBXBuildFile; fileRef = DAD5B25A1E8EB9E100F5E481 /* DHyper.xcdatamodeld */; };
		DAD5B25E1E8EBA7E00F5E481 /* DSettingsExtension.swift in Sources */ = {isa = PBXBuildFile; fileRef = DAD5B25D1E8EBA7E00F5E481 /* DSettingsExtension.swift */; };
		DAD5B2601E8EDB6900F5E481 /* MSearchRequestLook.swift in Sources */ = {isa = PBXBuildFile; fileRef = DAD5B25F1E8EDB6900F5E481 /* MSearchRequestLook.swift */; };
		DAD5B2651E8EEEAA00F5E481 /* MSession.swift in Sources */ = {isa = PBXBuildFile; fileRef = DAD5B2641E8EEEAA00F5E481 /* MSession.swift */; };
		DAD5B2691E8EF8E300F5E481 /* MUrls.swift in Sources */ = {isa = PBXBuildFile; fileRef = DAD5B2681E8EF8E300F5E481 /* MUrls.swift */; };
		DAD5B26B1E8EF8F500F5E481 /* MOxfordCredentials.swift in Sources */ = {isa = PBXBuildFile; fileRef = DAD5B26A1E8EF8F500F5E481 /* MOxfordCredentials.swift */; };
		DAD5B2791E8F061500F5E481 /* ResourceOxfordCredentials.plist in Resources */ = {isa = PBXBuildFile; fileRef = DAD5B2781E8F061500F5E481 /* ResourceOxfordCredentials.plist */; };
		DAEB09FB1E8D9959008FAD26 /* VSettingsCell.swift in Sources */ = {isa = PBXBuildFile; fileRef = DAEB09FA1E8D9959008FAD26 /* VSettingsCell.swift */; };
		DAEB09FD1E8DBEBE008FAD26 /* VSettingsGradient.swift in Sources */ = {isa = PBXBuildFile; fileRef = DAEB09FC1E8DBEBE008FAD26 /* VSettingsGradient.swift */; };
		DAEB09FF1E8DC3CB008FAD26 /* VSettingsCellLanguage.swift in Sources */ = {isa = PBXBuildFile; fileRef = DAEB09FE1E8DC3CB008FAD26 /* VSettingsCellLanguage.swift */; };
		DAEB0A011E8DC978008FAD26 /* MSettings.swift in Sources */ = {isa = PBXBuildFile; fileRef = DAEB0A001E8DC978008FAD26 /* MSettings.swift */; };
		DAEB0A031E8DC981008FAD26 /* MSettingsItem.swift in Sources */ = {isa = PBXBuildFile; fileRef = DAEB0A021E8DC981008FAD26 /* MSettingsItem.swift */; };
		DAEB0A051E8DC994008FAD26 /* MSettingsItemLanguage.swift in Sources */ = {isa = PBXBuildFile; fileRef = DAEB0A041E8DC994008FAD26 /* MSettingsItemLanguage.swift */; };
		DAEB0A091E8DDFAE008FAD26 /* VSettingsCellLanguageButton.swift in Sources */ = {isa = PBXBuildFile; fileRef = DAEB0A081E8DDFAE008FAD26 /* VSettingsCellLanguageButton.swift */; };
		DAEC1AB11E8C7FF70001B27B /* VSettingsBackground.swift in Sources */ = {isa = PBXBuildFile; fileRef = DAEC1AB01E8C7FF70001B27B /* VSettingsBackground.swift */; };
		DAEC1AB61E8C81390001B27B /* MSettingsBackground.swift in Sources */ = {isa = PBXBuildFile; fileRef = DAEC1AB51E8C81390001B27B /* MSettingsBackground.swift */; };
		DAEC1AB81E8C81430001B27B /* MSettingsBackgroundItem.swift in Sources */ = {isa = PBXBuildFile; fileRef = DAEC1AB71E8C81430001B27B /* MSettingsBackgroundItem.swift */; };
		DAF622941E908E720030772B /* VSearchCell.swift in Sources */ = {isa = PBXBuildFile; fileRef = DAF622931E908E720030772B /* VSearchCell.swift */; };
		DAF622961E908F4E0030772B /* VSearchCellResults.swift in Sources */ = {isa = PBXBuildFile; fileRef = DAF622951E908F4E0030772B /* VSearchCellResults.swift */; };
		DAF622981E908F5C0030772B /* VSearchCellContent.swift in Sources */ = {isa = PBXBuildFile; fileRef = DAF622971E908F5C0030772B /* VSearchCellContent.swift */; };
		DAF6E9721E99B4E400486B50 /* CFroobPlus.swift in Sources */ = {isa = PBXBuildFile; fileRef = DAF6E9711E99B4E400486B50 /* CFroobPlus.swift */; };
		DAF6E9751E99B51B00486B50 /* VFroobPlus.swift in Sources */ = {isa = PBXBuildFile; fileRef = DAF6E9741E99B51B00486B50 /* VFroobPlus.swift */; };
/* End PBXBuildFile section */

/* Begin PBXFileReference section */
		DA0260961E9317A100CD0D2A /* MSearchEntryItemVerb.swift */ = {isa = PBXFileReference; fileEncoding = 4; lastKnownFileType = sourcecode.swift; path = MSearchEntryItemVerb.swift; sourceTree = "<group>"; };
		DA0260981E93248400CD0D2A /* MSearchEntryTense.swift */ = {isa = PBXFileReference; fileEncoding = 4; lastKnownFileType = sourcecode.swift; path = MSearchEntryTense.swift; sourceTree = "<group>"; };
		DA03A86D1E97F660007F0827 /* VFavoritesBar.swift */ = {isa = PBXFileReference; fileEncoding = 4; lastKnownFileType = sourcecode.swift; path = VFavoritesBar.swift; sourceTree = "<group>"; };
		DA03A8711E97F671007F0827 /* VFavoritesCell.swift */ = {isa = PBXFileReference; fileEncoding = 4; lastKnownFileType = sourcecode.swift; path = VFavoritesCell.swift; sourceTree = "<group>"; };
		DA03A8741E97F7E2007F0827 /* MFavorites.swift */ = {isa = PBXFileReference; fileEncoding = 4; lastKnownFileType = sourcecode.swift; path = MFavorites.swift; sourceTree = "<group>"; };
		DA03A8761E97F7EA007F0827 /* MFavoritesItem.swift */ = {isa = PBXFileReference; fileEncoding = 4; lastKnownFileType = sourcecode.swift; path = MFavoritesItem.swift; sourceTree = "<group>"; };
		DA03A8781E98374C007F0827 /* MSettingsItemResults.swift */ = {isa = PBXFileReference; fileEncoding = 4; lastKnownFileType = sourcecode.swift; path = MSettingsItemResults.swift; sourceTree = "<group>"; };
		DA03A87A1E98378D007F0827 /* VSettingsCellResults.swift */ = {isa = PBXFileReference; fileEncoding = 4; lastKnownFileType = sourcecode.swift; path = VSettingsCellResults.swift; sourceTree = "<group>"; };
		DA03A87C1E98461B007F0827 /* MSearchOptionsItemStore.swift */ = {isa = PBXFileReference; fileEncoding = 4; lastKnownFileType = sourcecode.swift; path = MSearchOptionsItemStore.swift; sourceTree = "<group>"; };
		DA03A87E1E985040007F0827 /* ExtensionString.swift */ = {isa = PBXFileReference; fileEncoding = 4; lastKnownFileType = sourcecode.swift; path = ExtensionString.swift; sourceTree = "<group>"; };
		DA1317411E8C4296000624CF /* MSearchContentMode.swift */ = {isa = PBXFileReference; fileEncoding = 4; lastKnownFileType = sourcecode.swift; path = MSearchContentMode.swift; sourceTree = "<group>"; };
		DA1317431E8C42A4000624CF /* MSearchContentModeItem.swift */ = {isa = PBXFileReference; fileEncoding = 4; lastKnownFileType = sourcecode.swift; path = MSearchContentModeItem.swift; sourceTree = "<group>"; };
		DA1317451E8C5079000624CF /* MSearchContentModeItemDefinition.swift */ = {isa = PBXFileReference; fileEncoding = 4; lastKnownFileType = sourcecode.swift; path = MSearchContentModeItemDefinition.swift; sourceTree = "<group>"; };
		DA1317471E8C5E78000624CF /* MSearchContentModeItemSynonyms.swift */ = {isa = PBXFileReference; fileEncoding = 4; lastKnownFileType = sourcecode.swift; path = MSearchContentModeItemSynonyms.swift; sourceTree = "<group>"; };
		DA1317491E8C5E85000624CF /* MSearchContentModeItemAntonyms.swift */ = {isa = PBXFileReference; fileEncoding = 4; lastKnownFileType = sourcecode.swift; path = MSearchContentModeItemAntonyms.swift; sourceTree = "<group>"; };
		DA13174D1E8C5E9A000624CF /* MSearchContentModeItemTranslate.swift */ = {isa = PBXFileReference; fileEncoding = 4; lastKnownFileType = sourcecode.swift; path = MSearchContentModeItemTranslate.swift; sourceTree = "<group>"; };
		DA1317511E8C5EB8000624CF /* MSearchContentModeItemOrigins.swift */ = {isa = PBXFileReference; fileEncoding = 4; lastKnownFileType = sourcecode.swift; path = MSearchContentModeItemOrigins.swift; sourceTree = "<group>"; };
		DA1F6F971E8AEF1C00484942 /* LaunchScreen.storyboard */ = {isa = PBXFileReference; fileEncoding = 4; lastKnownFileType = file.storyboard; path = LaunchScreen.storyboard; sourceTree = "<group>"; };
		DA1F6F9E1E8AEF1C00484942 /* DManager.swift */ = {isa = PBXFileReference; fileEncoding = 4; lastKnownFileType = sourcecode.swift; path = DManager.swift; sourceTree = "<group>"; };
		DA1F6FA01E8AEF1C00484942 /* ExtensionFileManager.swift */ = {isa = PBXFileReference; fileEncoding = 4; lastKnownFileType = sourcecode.swift; path = ExtensionFileManager.swift; sourceTree = "<group>"; };
		DA1F6FA11E8AEF1C00484942 /* ExtensionNotification.swift */ = {isa = PBXFileReference; fileEncoding = 4; lastKnownFileType = sourcecode.swift; path = ExtensionNotification.swift; sourceTree = "<group>"; };
		DA1F6FA21E8AEF1C00484942 /* ExtensionNSLayoutConstraint.swift */ = {isa = PBXFileReference; fileEncoding = 4; lastKnownFileType = sourcecode.swift; path = ExtensionNSLayoutConstraint.swift; sourceTree = "<group>"; };
		DA1F6FA31E8AEF1C00484942 /* ExtensionNSManagedObject.swift */ = {isa = PBXFileReference; fileEncoding = 4; lastKnownFileType = sourcecode.swift; path = ExtensionNSManagedObject.swift; sourceTree = "<group>"; };
		DA1F6FA41E8AEF1C00484942 /* ExtensionUICollectionReusableView.swift */ = {isa = PBXFileReference; fileEncoding = 4; lastKnownFileType = sourcecode.swift; path = ExtensionUICollectionReusableView.swift; sourceTree = "<group>"; };
		DA1F6FA51E8AEF1C00484942 /* ExtensionUIColor.swift */ = {isa = PBXFileReference; fileEncoding = 4; lastKnownFileType = sourcecode.swift; path = ExtensionUIColor.swift; sourceTree = "<group>"; };
		DA1F6FA61E8AEF1C00484942 /* ExtensionUIFont.swift */ = {isa = PBXFileReference; fileEncoding = 4; lastKnownFileType = sourcecode.swift; path = ExtensionUIFont.swift; sourceTree = "<group>"; };
		DA1F6FA71E8AEF1C00484942 /* ExtensionURL.swift */ = {isa = PBXFileReference; fileEncoding = 4; lastKnownFileType = sourcecode.swift; path = ExtensionURL.swift; sourceTree = "<group>"; };
		DA1F6FAD1E8AEF1C00484942 /* en */ = {isa = PBXFileReference; lastKnownFileType = text.plist.strings; name = en; path = en.lproj/Localizable.strings; sourceTree = "<group>"; };
		DA1F6FAF1E8AEF1C00484942 /* ResourceUrl.plist */ = {isa = PBXFileReference; fileEncoding = 4; lastKnownFileType = text.plist.xml; path = ResourceUrl.plist; sourceTree = "<group>"; };
		DA1F6FE11E8AF76800484942 /* VSearch.swift */ = {isa = PBXFileReference; fileEncoding = 4; lastKnownFileType = sourcecode.swift; path = VSearch.swift; sourceTree = "<group>"; };
		DA1F6FE31E8AF8F200484942 /* VSearchBar.swift */ = {isa = PBXFileReference; fileEncoding = 4; lastKnownFileType = sourcecode.swift; path = VSearchBar.swift; sourceTree = "<group>"; };
		DA1F6FE51E8AFDFC00484942 /* VSearchBarField.swift */ = {isa = PBXFileReference; fileEncoding = 4; lastKnownFileType = sourcecode.swift; path = VSearchBarField.swift; sourceTree = "<group>"; };
		DA1F6FE71E8B069800484942 /* VSearchOptions.swift */ = {isa = PBXFileReference; fileEncoding = 4; lastKnownFileType = sourcecode.swift; path = VSearchOptions.swift; sourceTree = "<group>"; };
		DA1F6FE91E8B075200484942 /* VSearchOptionsCell.swift */ = {isa = PBXFileReference; fileEncoding = 4; lastKnownFileType = sourcecode.swift; path = VSearchOptionsCell.swift; sourceTree = "<group>"; };
		DA1F6FEB1E8B13A400484942 /* generic.xcassets */ = {isa = PBXFileReference; lastKnownFileType = folder.assetcatalog; path = generic.xcassets; sourceTree = "<group>"; };
		DA1F6FEE1E8B13DD00484942 /* MSearchOptions.swift */ = {isa = PBXFileReference; fileEncoding = 4; lastKnownFileType = sourcecode.swift; path = MSearchOptions.swift; sourceTree = "<group>"; };
		DA1F6FF01E8B141900484942 /* MSearchOptionsItem.swift */ = {isa = PBXFileReference; fileEncoding = 4; lastKnownFileType = sourcecode.swift; path = MSearchOptionsItem.swift; sourceTree = "<group>"; };
		DA1F6FF21E8B168B00484942 /* MSearchOptionsItemSettings.swift */ = {isa = PBXFileReference; fileEncoding = 4; lastKnownFileType = sourcecode.swift; path = MSearchOptionsItemSettings.swift; sourceTree = "<group>"; };
		DA22EFF81E93E739009AD88E /* MSearchEntryItemAdjective.swift */ = {isa = PBXFileReference; fileEncoding = 4; lastKnownFileType = sourcecode.swift; path = MSearchEntryItemAdjective.swift; sourceTree = "<group>"; };
		DA22EFFA1E93E83F009AD88E /* MSearchEntryItemAdverb.swift */ = {isa = PBXFileReference; fileEncoding = 4; lastKnownFileType = sourcecode.swift; path = MSearchEntryItemAdverb.swift; sourceTree = "<group>"; };
		DA22EFFC1E93EF51009AD88E /* MSearchEntryItemCombiningForm.swift */ = {isa = PBXFileReference; fileEncoding = 4; lastKnownFileType = sourcecode.swift; path = MSearchEntryItemCombiningForm.swift; sourceTree = "<group>"; };
		DA22EFFE1E93EFD8009AD88E /* MSearchEntryItemConjunction.swift */ = {isa = PBXFileReference; fileEncoding = 4; lastKnownFileType = sourcecode.swift; path = MSearchEntryItemConjunction.swift; sourceTree = "<group>"; };
		DA22F0001E93F037009AD88E /* MSearchEntryItemContraction.swift */ = {isa = PBXFileReference; fileEncoding = 4; lastKnownFileType = sourcecode.swift; path = MSearchEntryItemContraction.swift; sourceTree = "<group>"; };
		DA22F0021E93F08B009AD88E /* MSearchEntryItemDeterminer.swift */ = {isa = PBXFileReference; fileEncoding = 4; lastKnownFileType = sourcecode.swift; path = MSearchEntryItemDeterminer.swift; sourceTree = "<group>"; };
		DA22F0041E93F0F2009AD88E /* MSearchEntryItemIdiomatic.swift */ = {isa = PBXFileReference; fileEncoding = 4; lastKnownFileType = sourcecode.swift; path = MSearchEntryItemIdiomatic.swift; sourceTree = "<group>"; };
		DA22F0061E93F147009AD88E /* MSearchEntryItemInterjection.swift */ = {isa = PBXFileReference; fileEncoding = 4; lastKnownFileType = sourcecode.swift; path = MSearchEntryItemInterjection.swift; sourceTree = "<group>"; };
		DA22F0081E93F1A6009AD88E /* MSearchEntryItemNumeral.swift */ = {isa = PBXFileReference; fileEncoding = 4; lastKnownFileType = sourcecode.swift; path = MSearchEntryItemNumeral.swift; sourceTree = "<group>"; };
		DA22F00A1E93F1E9009AD88E /* MSearchEntryNumeral.swift */ = {isa = PBXFileReference; fileEncoding = 4; lastKnownFileType = sourcecode.swift; path = MSearchEntryNumeral.swift; sourceTree = "<group>"; };
		DA22F00C1E93F383009AD88E /* MSearchEntryItemOther.swift */ = {isa = PBXFileReference; fileEncoding = 4; lastKnownFileType = sourcecode.swift; path = MSearchEntryItemOther.swift; sourceTree = "<group>"; };
		DA22F00E1E93F3E4009AD88E /* MSearchEntryItemParticle.swift */ = {isa = PBXFileReference; fileEncoding = 4; lastKnownFileType = sourcecode.swift; path = MSearchEntryItemParticle.swift; sourceTree = "<group>"; };
		DA22F0101E93F5D2009AD88E /* MSearchEntryItemPredeterminer.swift */ = {isa = PBXFileReference; fileEncoding = 4; lastKnownFileType = sourcecode.swift; path = MSearchEntryItemPredeterminer.swift; sourceTree = "<group>"; };
		DA22F0121E93F61B009AD88E /* MSearchEntryItemPrefix.swift */ = {isa = PBXFileReference; fileEncoding = 4; lastKnownFileType = sourcecode.swift; path = MSearchEntryItemPrefix.swift; sourceTree = "<group>"; };
		DA22F0141E93F659009AD88E /* MSearchEntryItemPreposition.swift */ = {isa = PBXFileReference; fileEncoding = 4; lastKnownFileType = sourcecode.swift; path = MSearchEntryItemPreposition.swift; sourceTree = "<group>"; };
		DA22F0161E93F6C7009AD88E /* MSearchEntryItemPronoun.swift */ = {isa = PBXFileReference; fileEncoding = 4; lastKnownFileType = sourcecode.swift; path = MSearchEntryItemPronoun.swift; sourceTree = "<group>"; };
		DA22F0181E93F705009AD88E /* MSearchEntryItemResidual.swift */ = {isa = PBXFileReference; fileEncoding = 4; lastKnownFileType = sourcecode.swift; path = MSearchEntryItemResidual.swift; sourceTree = "<group>"; };
		DA22F01A1E93F75D009AD88E /* MSearchEntryItemSuffix.swift */ = {isa = PBXFileReference; fileEncoding = 4; lastKnownFileType = sourcecode.swift; path = MSearchEntryItemSuffix.swift; sourceTree = "<group>"; };
		DA22F01C1E93FAA7009AD88E /* VSearchContentHeader.swift */ = {isa = PBXFileReference; fileEncoding = 4; lastKnownFileType = sourcecode.swift; path = VSearchContentHeader.swift; sourceTree = "<group>"; };
		DA22F0201E9444D8009AD88E /* MSearchRequestSynonyms.swift */ = {isa = PBXFileReference; fileEncoding = 4; lastKnownFileType = sourcecode.swift; path = MSearchRequestSynonyms.swift; sourceTree = "<group>"; };
		DA22F0221E9448CB009AD88E /* MSearchSynonyms.swift */ = {isa = PBXFileReference; fileEncoding = 4; lastKnownFileType = sourcecode.swift; path = MSearchSynonyms.swift; sourceTree = "<group>"; };
		DA22F0241E94672B009AD88E /* VSearchContentCellSynonyms.swift */ = {isa = PBXFileReference; fileEncoding = 4; lastKnownFileType = sourcecode.swift; path = VSearchContentCellSynonyms.swift; sourceTree = "<group>"; };
		DA2E83B81E8C02B600354343 /* VSearchResultsFlow.swift */ = {isa = PBXFileReference; fileEncoding = 4; lastKnownFileType = sourcecode.swift; path = VSearchResultsFlow.swift; sourceTree = "<group>"; };
		DA2E83BA1E8C136700354343 /* VSearchContent.swift */ = {isa = PBXFileReference; fileEncoding = 4; lastKnownFileType = sourcecode.swift; path = VSearchContent.swift; sourceTree = "<group>"; };
		DA2E83BE1E8C1DEE00354343 /* VSearchContentCell.swift */ = {isa = PBXFileReference; fileEncoding = 4; lastKnownFileType = sourcecode.swift; path = VSearchContentCell.swift; sourceTree = "<group>"; };
		DA4B23171E953BFE00F5FE1A /* MSearchRequest.swift */ = {isa = PBXFileReference; fileEncoding = 4; lastKnownFileType = sourcecode.swift; path = MSearchRequest.swift; sourceTree = "<group>"; };
		DA4B23191E95479D00F5FE1A /* MSearchAntonyms.swift */ = {isa = PBXFileReference; fileEncoding = 4; lastKnownFileType = sourcecode.swift; path = MSearchAntonyms.swift; sourceTree = "<group>"; };
		DA4B231B1E9548C200F5FE1A /* MSearchRequestAntonyms.swift */ = {isa = PBXFileReference; fileEncoding = 4; lastKnownFileType = sourcecode.swift; path = MSearchRequestAntonyms.swift; sourceTree = "<group>"; };
		DA4B231D1E954E1900F5FE1A /* VSearchContentCellAntonyms.swift */ = {isa = PBXFileReference; fileEncoding = 4; lastKnownFileType = sourcecode.swift; path = VSearchContentCellAntonyms.swift; sourceTree = "<group>"; };
		DA4B231F1E954E5D00F5FE1A /* VSearchContentCellTranslations.swift */ = {isa = PBXFileReference; fileEncoding = 4; lastKnownFileType = sourcecode.swift; path = VSearchContentCellTranslations.swift; sourceTree = "<group>"; };
		DA4B23211E954EFE00F5FE1A /* MSearchTranslations.swift */ = {isa = PBXFileReference; fileEncoding = 4; lastKnownFileType = sourcecode.swift; path = MSearchTranslations.swift; sourceTree = "<group>"; };
		DA4B23231E95547C00F5FE1A /* MSearchRequestTranslations.swift */ = {isa = PBXFileReference; fileEncoding = 4; lastKnownFileType = sourcecode.swift; path = MSearchRequestTranslations.swift; sourceTree = "<group>"; };
		DA71ED141E92955100D444C9 /* MSearchRequestEntry.swift */ = {isa = PBXFileReference; fileEncoding = 4; lastKnownFileType = sourcecode.swift; path = MSearchRequestEntry.swift; sourceTree = "<group>"; };
		DA71ED161E92A41C00D444C9 /* MSearchEntry.swift */ = {isa = PBXFileReference; fileEncoding = 4; lastKnownFileType = sourcecode.swift; path = MSearchEntry.swift; sourceTree = "<group>"; };
		DA71ED181E92A65400D444C9 /* MSearchEntryItem.swift */ = {isa = PBXFileReference; fileEncoding = 4; lastKnownFileType = sourcecode.swift; path = MSearchEntryItem.swift; sourceTree = "<group>"; };
		DA71ED1A1E92AB3000D444C9 /* MSearchEntryFactory.swift */ = {isa = PBXFileReference; fileEncoding = 4; lastKnownFileType = sourcecode.swift; path = MSearchEntryFactory.swift; sourceTree = "<group>"; };
		DA71ED1C1E92ABA800D444C9 /* ResourceLexicalCategory.plist */ = {isa = PBXFileReference; fileEncoding = 4; lastKnownFileType = text.plist.xml; path = ResourceLexicalCategory.plist; sourceTree = "<group>"; };
		DA8AD6BF1E8AE8D30072560C /* Hyperborea.app */ = {isa = PBXFileReference; explicitFileType = wrapper.application; includeInIndex = 0; path = Hyperborea.app; sourceTree = BUILT_PRODUCTS_DIR; };
		DA8AD6CE1E8AE8D30072560C /* Info.plist */ = {isa = PBXFileReference; lastKnownFileType = text.plist.xml; path = Info.plist; sourceTree = "<group>"; };
		DA90CB2F1E92B56300497AD0 /* MSearchEntryItemNoun.swift */ = {isa = PBXFileReference; fileEncoding = 4; lastKnownFileType = sourcecode.swift; path = MSearchEntryItemNoun.swift; sourceTree = "<group>"; };
		DA90CB311E92B73B00497AD0 /* MSearchEntrySenses.swift */ = {isa = PBXFileReference; fileEncoding = 4; lastKnownFileType = sourcecode.swift; path = MSearchEntrySenses.swift; sourceTree = "<group>"; };
		DA90CB331E92C90D00497AD0 /* MSearchEntryNumber.swift */ = {isa = PBXFileReference; fileEncoding = 4; lastKnownFileType = sourcecode.swift; path = MSearchEntryNumber.swift; sourceTree = "<group>"; };
		DA90CB351E92DEA300497AD0 /* VSearchContentCellDefinition.swift */ = {isa = PBXFileReference; fileEncoding = 4; lastKnownFileType = sourcecode.swift; path = VSearchContentCellDefinition.swift; sourceTree = "<group>"; };
		DA90CB371E92F57500497AD0 /* VSearchContentMode.swift */ = {isa = PBXFileReference; fileEncoding = 4; lastKnownFileType = sourcecode.swift; path = VSearchContentMode.swift; sourceTree = "<group>"; };
		DA90CB391E92F80A00497AD0 /* VSearchContentModeCell.swift */ = {isa = PBXFileReference; fileEncoding = 4; lastKnownFileType = sourcecode.swift; path = VSearchContentModeCell.swift; sourceTree = "<group>"; };
		DA9642C11E9692A20069375C /* MLanguage.swift */ = {isa = PBXFileReference; fileEncoding = 4; lastKnownFileType = sourcecode.swift; path = MLanguage.swift; sourceTree = "<group>"; };
		DA9642C31E9692CA0069375C /* MLanguageEnglish.swift */ = {isa = PBXFileReference; fileEncoding = 4; lastKnownFileType = sourcecode.swift; path = MLanguageEnglish.swift; sourceTree = "<group>"; };
		DA9642C51E9692D40069375C /* MLanguageSpanish.swift */ = {isa = PBXFileReference; fileEncoding = 4; lastKnownFileType = sourcecode.swift; path = MLanguageSpanish.swift; sourceTree = "<group>"; };
		DA9642C71E96A4A10069375C /* VSearchContentCellOrigins.swift */ = {isa = PBXFileReference; fileEncoding = 4; lastKnownFileType = sourcecode.swift; path = VSearchContentCellOrigins.swift; sourceTree = "<group>"; };
		DA9642CB1E96A7CB0069375C /* MSearchOrigins.swift */ = {isa = PBXFileReference; fileEncoding = 4; lastKnownFileType = sourcecode.swift; path = MSearchOrigins.swift; sourceTree = "<group>"; };
		DA9642CD1E96C87A0069375C /* MSearchOptionsItemRecent.swift */ = {isa = PBXFileReference; fileEncoding = 4; lastKnownFileType = sourcecode.swift; path = MSearchOptionsItemRecent.swift; sourceTree = "<group>"; };
		DA9642CF1E96CA490069375C /* CRecent.swift */ = {isa = PBXFileReference; fileEncoding = 4; lastKnownFileType = sourcecode.swift; path = CRecent.swift; sourceTree = "<group>"; };
		DA9642D21E96CAB10069375C /* VRecent.swift */ = {isa = PBXFileReference; fileEncoding = 4; lastKnownFileType = sourcecode.swift; path = VRecent.swift; sourceTree = "<group>"; };
		DA9642D41E96D6A30069375C /* VRecentHeader.swift */ = {isa = PBXFileReference; fileEncoding = 4; lastKnownFileType = sourcecode.swift; path = VRecentHeader.swift; sourceTree = "<group>"; };
		DA9642D61E96D6AD0069375C /* VRecentBar.swift */ = {isa = PBXFileReference; fileEncoding = 4; lastKnownFileType = sourcecode.swift; path = VRecentBar.swift; sourceTree = "<group>"; };
		DA9642D81E96D6B40069375C /* VRecentCell.swift */ = {isa = PBXFileReference; fileEncoding = 4; lastKnownFileType = sourcecode.swift; path = VRecentCell.swift; sourceTree = "<group>"; };
		DA9642DB1E96E6480069375C /* MRecent.swift */ = {isa = PBXFileReference; fileEncoding = 4; lastKnownFileType = sourcecode.swift; path = MRecent.swift; sourceTree = "<group>"; };
		DA9642DD1E96E6540069375C /* MRecentDay.swift */ = {isa = PBXFileReference; fileEncoding = 4; lastKnownFileType = sourcecode.swift; path = MRecentDay.swift; sourceTree = "<group>"; };
		DA9642DF1E96E65E0069375C /* MRecentEntry.swift */ = {isa = PBXFileReference; fileEncoding = 4; lastKnownFileType = sourcecode.swift; path = MRecentEntry.swift; sourceTree = "<group>"; };
		DAA99CC11E8B1B02003B9E2C /* VSearchResults.swift */ = {isa = PBXFileReference; fileEncoding = 4; lastKnownFileType = sourcecode.swift; path = VSearchResults.swift; sourceTree = "<group>"; };
		DAA99CC31E8B2433003B9E2C /* MSearchResults.swift */ = {isa = PBXFileReference; fileEncoding = 4; lastKnownFileType = sourcecode.swift; path = MSearchResults.swift; sourceTree = "<group>"; };
		DAA99CC51E8B24DD003B9E2C /* MSearchResultsItem.swift */ = {isa = PBXFileReference; fileEncoding = 4; lastKnownFileType = sourcecode.swift; path = MSearchResultsItem.swift; sourceTree = "<group>"; };
		DAA99CC71E8B2F22003B9E2C /* VSearchResultsCell.swift */ = {isa = PBXFileReference; fileEncoding = 4; lastKnownFileType = sourcecode.swift; path = VSearchResultsCell.swift; sourceTree = "<group>"; };
		DAC9AA391E9BC5F900469AEA /* VFroobPlusContent.swift */ = {isa = PBXFileReference; fileEncoding = 4; lastKnownFileType = sourcecode.swift; path = VFroobPlusContent.swift; sourceTree = "<group>"; };
		DAC9AA3B1E9BC63C00469AEA /* VFroobPlusContentButtons.swift */ = {isa = PBXFileReference; fileEncoding = 4; lastKnownFileType = sourcecode.swift; path = VFroobPlusContentButtons.swift; sourceTree = "<group>"; };
		DAC9AA3D1E9BFCCB00469AEA /* CStore.swift */ = {isa = PBXFileReference; fileEncoding = 4; lastKnownFileType = sourcecode.swift; path = CStore.swift; sourceTree = "<group>"; };
		DAC9AA411E9BFF7700469AEA /* MStore.swift */ = {isa = PBXFileReference; fileEncoding = 4; lastKnownFileType = sourcecode.swift; path = MStore.swift; sourceTree = "<group>"; };
		DAC9AA421E9BFF7700469AEA /* MStoreItem.swift */ = {isa = PBXFileReference; fileEncoding = 4; lastKnownFileType = sourcecode.swift; path = MStoreItem.swift; sourceTree = "<group>"; };
		DAC9AA431E9BFF7700469AEA /* MStoreItemStatus.swift */ = {isa = PBXFileReference; fileEncoding = 4; lastKnownFileType = sourcecode.swift; path = MStoreItemStatus.swift; sourceTree = "<group>"; };
		DAC9AA441E9BFF7700469AEA /* MStoreItemStatusDeferred.swift */ = {isa = PBXFileReference; fileEncoding = 4; lastKnownFileType = sourcecode.swift; path = MStoreItemStatusDeferred.swift; sourceTree = "<group>"; };
		DAC9AA451E9BFF7700469AEA /* MStoreItemStatusNew.swift */ = {isa = PBXFileReference; fileEncoding = 4; lastKnownFileType = sourcecode.swift; path = MStoreItemStatusNew.swift; sourceTree = "<group>"; };
		DAC9AA461E9BFF7700469AEA /* MStoreItemStatusNotAvailable.swift */ = {isa = PBXFileReference; fileEncoding = 4; lastKnownFileType = sourcecode.swift; path = MStoreItemStatusNotAvailable.swift; sourceTree = "<group>"; };
		DAC9AA471E9BFF7700469AEA /* MStoreItemStatusPurchased.swift */ = {isa = PBXFileReference; fileEncoding = 4; lastKnownFileType = sourcecode.swift; path = MStoreItemStatusPurchased.swift; sourceTree = "<group>"; };
		DAC9AA481E9BFF7700469AEA /* MStoreItemStatusPurchasing.swift */ = {isa = PBXFileReference; fileEncoding = 4; lastKnownFileType = sourcecode.swift; path = MStoreItemStatusPurchasing.swift; sourceTree = "<group>"; };
		DAC9AA531E9BFF8700469AEA /* VStore.swift */ = {isa = PBXFileReference; fileEncoding = 4; lastKnownFileType = sourcecode.swift; path = VStore.swift; sourceTree = "<group>"; };
		DAC9AA541E9BFF8700469AEA /* VStoreBar.swift */ = {isa = PBXFileReference; fileEncoding = 4; lastKnownFileType = sourcecode.swift; path = VStoreBar.swift; sourceTree = "<group>"; };
		DAC9AA551E9BFF8700469AEA /* VStoreCell.swift */ = {isa = PBXFileReference; fileEncoding = 4; lastKnownFileType = sourcecode.swift; path = VStoreCell.swift; sourceTree = "<group>"; };
		DAC9AA561E9BFF8700469AEA /* VStoreCellDeferred.swift */ = {isa = PBXFileReference; fileEncoding = 4; lastKnownFileType = sourcecode.swift; path = VStoreCellDeferred.swift; sourceTree = "<group>"; };
		DAC9AA571E9BFF8700469AEA /* VStoreCellNew.swift */ = {isa = PBXFileReference; fileEncoding = 4; lastKnownFileType = sourcecode.swift; path = VStoreCellNew.swift; sourceTree = "<group>"; };
		DAC9AA581E9BFF8700469AEA /* VStoreCellNotAvailable.swift */ = {isa = PBXFileReference; fileEncoding = 4; lastKnownFileType = sourcecode.swift; path = VStoreCellNotAvailable.swift; sourceTree = "<group>"; };
		DAC9AA591E9BFF8700469AEA /* VStoreCellPurchased.swift */ = {isa = PBXFileReference; fileEncoding = 4; lastKnownFileType = sourcecode.swift; path = VStoreCellPurchased.swift; sourceTree = "<group>"; };
		DAC9AA5A1E9BFF8700469AEA /* VStoreCellPurchasing.swift */ = {isa = PBXFileReference; fileEncoding = 4; lastKnownFileType = sourcecode.swift; path = VStoreCellPurchasing.swift; sourceTree = "<group>"; };
		DAC9AA5B1E9BFF8700469AEA /* VStoreFooter.swift */ = {isa = PBXFileReference; fileEncoding = 4; lastKnownFileType = sourcecode.swift; path = VStoreFooter.swift; sourceTree = "<group>"; };
		DAC9AA5C1E9BFF8700469AEA /* VStoreHeader.swift */ = {isa = PBXFileReference; fileEncoding = 4; lastKnownFileType = sourcecode.swift; path = VStoreHeader.swift; sourceTree = "<group>"; };
		DAC9AA671E9C027E00469AEA /* MStoreItemPlus.swift */ = {isa = PBXFileReference; fileEncoding = 4; lastKnownFileType = sourcecode.swift; path = MStoreItemPlus.swift; sourceTree = "<group>"; };
		DAD1E9831E8C769700D1BC66 /* VSettings.swift */ = {isa = PBXFileReference; fileEncoding = 4; lastKnownFileType = sourcecode.swift; path = VSettings.swift; sourceTree = "<group>"; };
		DAD1E9851E8C772000D1BC66 /* VSettingsBar.swift */ = {isa = PBXFileReference; fileEncoding = 4; lastKnownFileType = sourcecode.swift; path = VSettingsBar.swift; sourceTree = "<group>"; };
		DAD5B22E1E8EA6F200F5E481 /* spinner.xcassets */ = {isa = PBXFileReference; lastKnownFileType = folder.assetcatalog; path = spinner.xcassets; sourceTree = "<group>"; };
		DAD5B2331E8EA83D00F5E481 /* CSettings.swift */ = {isa = PBXFileReference; fileEncoding = 4; lastKnownFileType = sourcecode.swift; path = CSettings.swift; sourceTree = "<group>"; };
		DAD5B2341E8EA83D00F5E481 /* CController.swift */ = {isa = PBXFileReference; fileEncoding = 4; lastKnownFileType = sourcecode.swift; path = CController.swift; sourceTree = "<group>"; };
		DAD5B2351E8EA83D00F5E481 /* CAppDelegate.swift */ = {isa = PBXFileReference; fileEncoding = 4; lastKnownFileType = sourcecode.swift; path = CAppDelegate.swift; sourceTree = "<group>"; };
		DAD5B2361E8EA83D00F5E481 /* CParent.swift */ = {isa = PBXFileReference; fileEncoding = 4; lastKnownFileType = sourcecode.swift; path = CParent.swift; sourceTree = "<group>"; };
		DAD5B2371E8EA83D00F5E481 /* CFavorites.swift */ = {isa = PBXFileReference; fileEncoding = 4; lastKnownFileType = sourcecode.swift; path = CFavorites.swift; sourceTree = "<group>"; };
		DAD5B2381E8EA83D00F5E481 /* CSearch.swift */ = {isa = PBXFileReference; fileEncoding = 4; lastKnownFileType = sourcecode.swift; path = CSearch.swift; sourceTree = "<group>"; };
		DAD5B23F1E8EA8E500F5E481 /* VAlert.swift */ = {isa = PBXFileReference; fileEncoding = 4; lastKnownFileType = sourcecode.swift; path = VAlert.swift; sourceTree = "<group>"; };
		DAD5B2401E8EA8E500F5E481 /* VBlur.swift */ = {isa = PBXFileReference; fileEncoding = 4; lastKnownFileType = sourcecode.swift; path = VBlur.swift; sourceTree = "<group>"; };
		DAD5B2411E8EA8E500F5E481 /* VBorder.swift */ = {isa = PBXFileReference; fileEncoding = 4; lastKnownFileType = sourcecode.swift; path = VBorder.swift; sourceTree = "<group>"; };
		DAD5B2421E8EA8E500F5E481 /* VCollection.swift */ = {isa = PBXFileReference; fileEncoding = 4; lastKnownFileType = sourcecode.swift; path = VCollection.swift; sourceTree = "<group>"; };
		DAD5B2431E8EA8E500F5E481 /* VCollectionFlow.swift */ = {isa = PBXFileReference; fileEncoding = 4; lastKnownFileType = sourcecode.swift; path = VCollectionFlow.swift; sourceTree = "<group>"; };
		DAD5B2441E8EA8E500F5E481 /* VParent.swift */ = {isa = PBXFileReference; fileEncoding = 4; lastKnownFileType = sourcecode.swift; path = VParent.swift; sourceTree = "<group>"; };
		DAD5B2451E8EA8E500F5E481 /* VParentPushBackground.swift */ = {isa = PBXFileReference; fileEncoding = 4; lastKnownFileType = sourcecode.swift; path = VParentPushBackground.swift; sourceTree = "<group>"; };
		DAD5B2461E8EA8E500F5E481 /* VSpinner.swift */ = {isa = PBXFileReference; fileEncoding = 4; lastKnownFileType = sourcecode.swift; path = VSpinner.swift; sourceTree = "<group>"; };
		DAD5B2471E8EA8E500F5E481 /* VToast.swift */ = {isa = PBXFileReference; fileEncoding = 4; lastKnownFileType = sourcecode.swift; path = VToast.swift; sourceTree = "<group>"; };
		DAD5B2481E8EA8E500F5E481 /* VView.swift */ = {isa = PBXFileReference; fileEncoding = 4; lastKnownFileType = sourcecode.swift; path = VView.swift; sourceTree = "<group>"; };
		DAD5B2541E8EA97E00F5E481 /* VFavorites.swift */ = {isa = PBXFileReference; fileEncoding = 4; lastKnownFileType = sourcecode.swift; path = VFavorites.swift; sourceTree = "<group>"; };
		DAD5B2581E8EAEF900F5E481 /* MSearchOptionsItemFavorites.swift */ = {isa = PBXFileReference; fileEncoding = 4; lastKnownFileType = sourcecode.swift; path = MSearchOptionsItemFavorites.swift; sourceTree = "<group>"; };
		DAD5B25B1E8EB9E100F5E481 /* DHyper.xcdatamodel */ = {isa = PBXFileReference; lastKnownFileType = wrapper.xcdatamodel; path = DHyper.xcdatamodel; sourceTree = "<group>"; };
		DAD5B25D1E8EBA7E00F5E481 /* DSettingsExtension.swift */ = {isa = PBXFileReference; fileEncoding = 4; lastKnownFileType = sourcecode.swift; path = DSettingsExtension.swift; sourceTree = "<group>"; };
		DAD5B25F1E8EDB6900F5E481 /* MSearchRequestLook.swift */ = {isa = PBXFileReference; fileEncoding = 4; lastKnownFileType = sourcecode.swift; path = MSearchRequestLook.swift; sourceTree = "<group>"; };
		DAD5B2641E8EEEAA00F5E481 /* MSession.swift */ = {isa = PBXFileReference; fileEncoding = 4; lastKnownFileType = sourcecode.swift; path = MSession.swift; sourceTree = "<group>"; };
		DAD5B2681E8EF8E300F5E481 /* MUrls.swift */ = {isa = PBXFileReference; fileEncoding = 4; lastKnownFileType = sourcecode.swift; path = MUrls.swift; sourceTree = "<group>"; };
		DAD5B26A1E8EF8F500F5E481 /* MOxfordCredentials.swift */ = {isa = PBXFileReference; fileEncoding = 4; lastKnownFileType = sourcecode.swift; path = MOxfordCredentials.swift; sourceTree = "<group>"; };
		DAD5B2781E8F061500F5E481 /* ResourceOxfordCredentials.plist */ = {isa = PBXFileReference; fileEncoding = 4; lastKnownFileType = text.plist.xml; path = ResourceOxfordCredentials.plist; sourceTree = "<group>"; };
		DAEB09FA1E8D9959008FAD26 /* VSettingsCell.swift */ = {isa = PBXFileReference; fileEncoding = 4; lastKnownFileType = sourcecode.swift; path = VSettingsCell.swift; sourceTree = "<group>"; };
		DAEB09FC1E8DBEBE008FAD26 /* VSettingsGradient.swift */ = {isa = PBXFileReference; fileEncoding = 4; lastKnownFileType = sourcecode.swift; path = VSettingsGradient.swift; sourceTree = "<group>"; };
		DAEB09FE1E8DC3CB008FAD26 /* VSettingsCellLanguage.swift */ = {isa = PBXFileReference; fileEncoding = 4; lastKnownFileType = sourcecode.swift; path = VSettingsCellLanguage.swift; sourceTree = "<group>"; };
		DAEB0A001E8DC978008FAD26 /* MSettings.swift */ = {isa = PBXFileReference; fileEncoding = 4; lastKnownFileType = sourcecode.swift; path = MSettings.swift; sourceTree = "<group>"; };
		DAEB0A021E8DC981008FAD26 /* MSettingsItem.swift */ = {isa = PBXFileReference; fileEncoding = 4; lastKnownFileType = sourcecode.swift; path = MSettingsItem.swift; sourceTree = "<group>"; };
		DAEB0A041E8DC994008FAD26 /* MSettingsItemLanguage.swift */ = {isa = PBXFileReference; fileEncoding = 4; lastKnownFileType = sourcecode.swift; path = MSettingsItemLanguage.swift; sourceTree = "<group>"; };
		DAEB0A081E8DDFAE008FAD26 /* VSettingsCellLanguageButton.swift */ = {isa = PBXFileReference; fileEncoding = 4; lastKnownFileType = sourcecode.swift; path = VSettingsCellLanguageButton.swift; sourceTree = "<group>"; };
		DAEC1AB01E8C7FF70001B27B /* VSettingsBackground.swift */ = {isa = PBXFileReference; fileEncoding = 4; lastKnownFileType = sourcecode.swift; path = VSettingsBackground.swift; sourceTree = "<group>"; };
		DAEC1AB51E8C81390001B27B /* MSettingsBackground.swift */ = {isa = PBXFileReference; fileEncoding = 4; lastKnownFileType = sourcecode.swift; path = MSettingsBackground.swift; sourceTree = "<group>"; };
		DAEC1AB71E8C81430001B27B /* MSettingsBackgroundItem.swift */ = {isa = PBXFileReference; fileEncoding = 4; lastKnownFileType = sourcecode.swift; path = MSettingsBackgroundItem.swift; sourceTree = "<group>"; };
		DAF622931E908E720030772B /* VSearchCell.swift */ = {isa = PBXFileReference; fileEncoding = 4; lastKnownFileType = sourcecode.swift; path = VSearchCell.swift; sourceTree = "<group>"; };
		DAF622951E908F4E0030772B /* VSearchCellResults.swift */ = {isa = PBXFileReference; fileEncoding = 4; lastKnownFileType = sourcecode.swift; path = VSearchCellResults.swift; sourceTree = "<group>"; };
		DAF622971E908F5C0030772B /* VSearchCellContent.swift */ = {isa = PBXFileReference; fileEncoding = 4; lastKnownFileType = sourcecode.swift; path = VSearchCellContent.swift; sourceTree = "<group>"; };
		DAF6E9711E99B4E400486B50 /* CFroobPlus.swift */ = {isa = PBXFileReference; fileEncoding = 4; lastKnownFileType = sourcecode.swift; path = CFroobPlus.swift; sourceTree = "<group>"; };
		DAF6E9741E99B51B00486B50 /* VFroobPlus.swift */ = {isa = PBXFileReference; fileEncoding = 4; lastKnownFileType = sourcecode.swift; path = VFroobPlus.swift; sourceTree = "<group>"; };
/* End PBXFileReference section */

/* Begin PBXFrameworksBuildPhase section */
		DA8AD6BC1E8AE8D30072560C /* Frameworks */ = {
			isa = PBXFrameworksBuildPhase;
			buildActionMask = 2147483647;
			files = (
			);
			runOnlyForDeploymentPostprocessing = 0;
		};
/* End PBXFrameworksBuildPhase section */

/* Begin PBXGroup section */
		DA03A8731E97F798007F0827 /* Favorites */ = {
			isa = PBXGroup;
			children = (
				DA03A8741E97F7E2007F0827 /* MFavorites.swift */,
				DA03A8761E97F7EA007F0827 /* MFavoritesItem.swift */,
			);
			path = Favorites;
			sourceTree = "<group>";
		};
		DA1F6F961E8AEF1C00484942 /* Assets */ = {
			isa = PBXGroup;
			children = (
				DA1F6F971E8AEF1C00484942 /* LaunchScreen.storyboard */,
				DA1F6FEB1E8B13A400484942 /* generic.xcassets */,
				DAD5B22E1E8EA6F200F5E481 /* spinner.xcassets */,
			);
			path = Assets;
			sourceTree = "<group>";
		};
		DA1F6F981E8AEF1C00484942 /* Controller */ = {
			isa = PBXGroup;
			children = (
				DAD5B2331E8EA83D00F5E481 /* CSettings.swift */,
				DAD5B2341E8EA83D00F5E481 /* CController.swift */,
				DAD5B2351E8EA83D00F5E481 /* CAppDelegate.swift */,
				DAD5B2361E8EA83D00F5E481 /* CParent.swift */,
				DAD5B2371E8EA83D00F5E481 /* CFavorites.swift */,
				DA9642CF1E96CA490069375C /* CRecent.swift */,
				DAD5B2381E8EA83D00F5E481 /* CSearch.swift */,
				DAF6E9711E99B4E400486B50 /* CFroobPlus.swift */,
				DAC9AA3D1E9BFCCB00469AEA /* CStore.swift */,
			);
			path = Controller;
			sourceTree = "<group>";
		};
		DA1F6F9D1E8AEF1C00484942 /* Data */ = {
			isa = PBXGroup;
			children = (
				DAD5B25A1E8EB9E100F5E481 /* DHyper.xcdatamodeld */,
				DA1F6F9E1E8AEF1C00484942 /* DManager.swift */,
				DAD5B25D1E8EBA7E00F5E481 /* DSettingsExtension.swift */,
			);
			path = Data;
			sourceTree = "<group>";
		};
		DA1F6F9F1E8AEF1C00484942 /* Extensions */ = {
			isa = PBXGroup;
			children = (
				DA1F6FA01E8AEF1C00484942 /* ExtensionFileManager.swift */,
				DA1F6FA11E8AEF1C00484942 /* ExtensionNotification.swift */,
				DA1F6FA21E8AEF1C00484942 /* ExtensionNSLayoutConstraint.swift */,
				DA1F6FA31E8AEF1C00484942 /* ExtensionNSManagedObject.swift */,
				DA1F6FA41E8AEF1C00484942 /* ExtensionUICollectionReusableView.swift */,
				DA1F6FA51E8AEF1C00484942 /* ExtensionUIColor.swift */,
				DA1F6FA61E8AEF1C00484942 /* ExtensionUIFont.swift */,
				DA1F6FA71E8AEF1C00484942 /* ExtensionURL.swift */,
				DA03A87E1E985040007F0827 /* ExtensionString.swift */,
			);
			path = Extensions;
			sourceTree = "<group>";
		};
		DA1F6FA81E8AEF1C00484942 /* Model */ = {
			isa = PBXGroup;
			children = (
				DAC9AA3F1E9BFF7700469AEA /* Store */,
				DAD5B2631E8EEEAA00F5E481 /* Main */,
				DAEC1AB41E8C812F0001B27B /* Settings */,
				DA03A8731E97F798007F0827 /* Favorites */,
				DA9642DA1E96E63B0069375C /* Recent */,
				DA1F6FED1E8B13CB00484942 /* Search */,
			);
			path = Model;
			sourceTree = "<group>";
		};
		DA1F6FAB1E8AEF1C00484942 /* Resource */ = {
			isa = PBXGroup;
			children = (
				DA1F6FAC1E8AEF1C00484942 /* Localizable.strings */,
				DA1F6FAF1E8AEF1C00484942 /* ResourceUrl.plist */,
				DAD5B2781E8F061500F5E481 /* ResourceOxfordCredentials.plist */,
				DA71ED1C1E92ABA800D444C9 /* ResourceLexicalCategory.plist */,
			);
			path = Resource;
			sourceTree = "<group>";
		};
		DA1F6FB01E8AEF1C00484942 /* View */ = {
			isa = PBXGroup;
			children = (
				DAC9AA521E9BFF8700469AEA /* Store */,
				DAF6E9731E99B51300486B50 /* Froob */,
				DA1F6FB11E8AEF1C00484942 /* Main */,
				DA9642D11E96CAA60069375C /* Recent */,
				DAD5B2531E8EA97100F5E481 /* Favorites */,
				DAD1E9821E8C768F00D1BC66 /* Settings */,
				DA1F6FE01E8AF76000484942 /* Search */,
			);
			path = View;
			sourceTree = "<group>";
		};
		DA1F6FB11E8AEF1C00484942 /* Main */ = {
			isa = PBXGroup;
			children = (
				DAD5B23F1E8EA8E500F5E481 /* VAlert.swift */,
				DAD5B2401E8EA8E500F5E481 /* VBlur.swift */,
				DAD5B2411E8EA8E500F5E481 /* VBorder.swift */,
				DAD5B2421E8EA8E500F5E481 /* VCollection.swift */,
				DAD5B2431E8EA8E500F5E481 /* VCollectionFlow.swift */,
				DAD5B2441E8EA8E500F5E481 /* VParent.swift */,
				DAD5B2451E8EA8E500F5E481 /* VParentPushBackground.swift */,
				DAD5B2461E8EA8E500F5E481 /* VSpinner.swift */,
				DAD5B2471E8EA8E500F5E481 /* VToast.swift */,
				DAD5B2481E8EA8E500F5E481 /* VView.swift */,
			);
			path = Main;
			sourceTree = "<group>";
		};
		DA1F6FE01E8AF76000484942 /* Search */ = {
			isa = PBXGroup;
			children = (
				DA1F6FE11E8AF76800484942 /* VSearch.swift */,
				DAF622931E908E720030772B /* VSearchCell.swift */,
				DAF622951E908F4E0030772B /* VSearchCellResults.swift */,
				DAF622971E908F5C0030772B /* VSearchCellContent.swift */,
				DA1F6FE31E8AF8F200484942 /* VSearchBar.swift */,
				DA1F6FE51E8AFDFC00484942 /* VSearchBarField.swift */,
				DA1F6FE71E8B069800484942 /* VSearchOptions.swift */,
				DA1F6FE91E8B075200484942 /* VSearchOptionsCell.swift */,
				DAA99CC11E8B1B02003B9E2C /* VSearchResults.swift */,
				DA2E83B81E8C02B600354343 /* VSearchResultsFlow.swift */,
				DAA99CC71E8B2F22003B9E2C /* VSearchResultsCell.swift */,
				DA2E83BA1E8C136700354343 /* VSearchContent.swift */,
				DA90CB371E92F57500497AD0 /* VSearchContentMode.swift */,
				DA90CB391E92F80A00497AD0 /* VSearchContentModeCell.swift */,
				DA22F01C1E93FAA7009AD88E /* VSearchContentHeader.swift */,
				DA2E83BE1E8C1DEE00354343 /* VSearchContentCell.swift */,
				DA90CB351E92DEA300497AD0 /* VSearchContentCellDefinition.swift */,
				DA22F0241E94672B009AD88E /* VSearchContentCellSynonyms.swift */,
				DA4B231D1E954E1900F5FE1A /* VSearchContentCellAntonyms.swift */,
				DA4B231F1E954E5D00F5FE1A /* VSearchContentCellTranslations.swift */,
				DA9642C71E96A4A10069375C /* VSearchContentCellOrigins.swift */,
			);
			path = Search;
			sourceTree = "<group>";
		};
		DA1F6FED1E8B13CB00484942 /* Search */ = {
			isa = PBXGroup;
			children = (
				DA1F6FEE1E8B13DD00484942 /* MSearchOptions.swift */,
				DA1F6FF01E8B141900484942 /* MSearchOptionsItem.swift */,
				DA1F6FF21E8B168B00484942 /* MSearchOptionsItemSettings.swift */,
				DAD5B2581E8EAEF900F5E481 /* MSearchOptionsItemFavorites.swift */,
				DA9642CD1E96C87A0069375C /* MSearchOptionsItemRecent.swift */,
				DA03A87C1E98461B007F0827 /* MSearchOptionsItemStore.swift */,
				DAA99CC31E8B2433003B9E2C /* MSearchResults.swift */,
				DAA99CC51E8B24DD003B9E2C /* MSearchResultsItem.swift */,
				DA22F0221E9448CB009AD88E /* MSearchSynonyms.swift */,
				DA4B23191E95479D00F5FE1A /* MSearchAntonyms.swift */,
				DA4B23211E954EFE00F5FE1A /* MSearchTranslations.swift */,
				DA9642CB1E96A7CB0069375C /* MSearchOrigins.swift */,
				DA71ED161E92A41C00D444C9 /* MSearchEntry.swift */,
				DA90CB311E92B73B00497AD0 /* MSearchEntrySenses.swift */,
				DA90CB331E92C90D00497AD0 /* MSearchEntryNumber.swift */,
				DA22F00A1E93F1E9009AD88E /* MSearchEntryNumeral.swift */,
				DA0260981E93248400CD0D2A /* MSearchEntryTense.swift */,
				DA71ED181E92A65400D444C9 /* MSearchEntryItem.swift */,
				DA90CB2F1E92B56300497AD0 /* MSearchEntryItemNoun.swift */,
				DA0260961E9317A100CD0D2A /* MSearchEntryItemVerb.swift */,
				DA22EFF81E93E739009AD88E /* MSearchEntryItemAdjective.swift */,
				DA22EFFA1E93E83F009AD88E /* MSearchEntryItemAdverb.swift */,
				DA22EFFC1E93EF51009AD88E /* MSearchEntryItemCombiningForm.swift */,
				DA22EFFE1E93EFD8009AD88E /* MSearchEntryItemConjunction.swift */,
				DA22F0001E93F037009AD88E /* MSearchEntryItemContraction.swift */,
				DA22F0021E93F08B009AD88E /* MSearchEntryItemDeterminer.swift */,
				DA22F0041E93F0F2009AD88E /* MSearchEntryItemIdiomatic.swift */,
				DA22F0061E93F147009AD88E /* MSearchEntryItemInterjection.swift */,
				DA22F0081E93F1A6009AD88E /* MSearchEntryItemNumeral.swift */,
				DA22F00C1E93F383009AD88E /* MSearchEntryItemOther.swift */,
				DA22F00E1E93F3E4009AD88E /* MSearchEntryItemParticle.swift */,
				DA22F0101E93F5D2009AD88E /* MSearchEntryItemPredeterminer.swift */,
				DA22F0121E93F61B009AD88E /* MSearchEntryItemPrefix.swift */,
				DA22F0141E93F659009AD88E /* MSearchEntryItemPreposition.swift */,
				DA22F0161E93F6C7009AD88E /* MSearchEntryItemPronoun.swift */,
				DA22F0181E93F705009AD88E /* MSearchEntryItemResidual.swift */,
				DA22F01A1E93F75D009AD88E /* MSearchEntryItemSuffix.swift */,
				DA71ED1A1E92AB3000D444C9 /* MSearchEntryFactory.swift */,
				DA1317411E8C4296000624CF /* MSearchContentMode.swift */,
				DA1317431E8C42A4000624CF /* MSearchContentModeItem.swift */,
				DA1317451E8C5079000624CF /* MSearchContentModeItemDefinition.swift */,
				DA1317471E8C5E78000624CF /* MSearchContentModeItemSynonyms.swift */,
				DA1317491E8C5E85000624CF /* MSearchContentModeItemAntonyms.swift */,
				DA13174D1E8C5E9A000624CF /* MSearchContentModeItemTranslate.swift */,
				DA1317511E8C5EB8000624CF /* MSearchContentModeItemOrigins.swift */,
				DA4B23171E953BFE00F5FE1A /* MSearchRequest.swift */,
				DAD5B25F1E8EDB6900F5E481 /* MSearchRequestLook.swift */,
				DA71ED141E92955100D444C9 /* MSearchRequestEntry.swift */,
				DA22F0201E9444D8009AD88E /* MSearchRequestSynonyms.swift */,
				DA4B231B1E9548C200F5FE1A /* MSearchRequestAntonyms.swift */,
				DA4B23231E95547C00F5FE1A /* MSearchRequestTranslations.swift */,
			);
			path = Search;
			sourceTree = "<group>";
		};
		DA8AD6B61E8AE8D30072560C = {
			isa = PBXGroup;
			children = (
				DA8AD6C11E8AE8D30072560C /* Hyperborea */,
				DA8AD6C01E8AE8D30072560C /* Products */,
			);
			sourceTree = "<group>";
		};
		DA8AD6C01E8AE8D30072560C /* Products */ = {
			isa = PBXGroup;
			children = (
				DA8AD6BF1E8AE8D30072560C /* Hyperborea.app */,
			);
			name = Products;
			sourceTree = "<group>";
		};
		DA8AD6C11E8AE8D30072560C /* Hyperborea */ = {
			isa = PBXGroup;
			children = (
				DA1F6F961E8AEF1C00484942 /* Assets */,
				DA1F6F981E8AEF1C00484942 /* Controller */,
				DA1F6F9D1E8AEF1C00484942 /* Data */,
				DA1F6F9F1E8AEF1C00484942 /* Extensions */,
				DA1F6FA81E8AEF1C00484942 /* Model */,
				DA1F6FAB1E8AEF1C00484942 /* Resource */,
				DA1F6FB01E8AEF1C00484942 /* View */,
				DA8AD6CE1E8AE8D30072560C /* Info.plist */,
			);
			path = Hyperborea;
			sourceTree = "<group>";
		};
		DA9642D11E96CAA60069375C /* Recent */ = {
			isa = PBXGroup;
			children = (
				DA9642D21E96CAB10069375C /* VRecent.swift */,
				DA9642D61E96D6AD0069375C /* VRecentBar.swift */,
				DA9642D41E96D6A30069375C /* VRecentHeader.swift */,
				DA9642D81E96D6B40069375C /* VRecentCell.swift */,
			);
			path = Recent;
			sourceTree = "<group>";
		};
		DA9642DA1E96E63B0069375C /* Recent */ = {
			isa = PBXGroup;
			children = (
				DA9642DB1E96E6480069375C /* MRecent.swift */,
				DA9642DD1E96E6540069375C /* MRecentDay.swift */,
				DA9642DF1E96E65E0069375C /* MRecentEntry.swift */,
			);
			path = Recent;
			sourceTree = "<group>";
		};
		DAC9AA3F1E9BFF7700469AEA /* Store */ = {
			isa = PBXGroup;
			children = (
				DAC9AA401E9BFF7700469AEA /* Base */,
				DAC9AA491E9BFF7700469AEA /* Purchases */,
			);
			path = Store;
			sourceTree = "<group>";
		};
		DAC9AA401E9BFF7700469AEA /* Base */ = {
			isa = PBXGroup;
			children = (
				DAC9AA411E9BFF7700469AEA /* MStore.swift */,
				DAC9AA421E9BFF7700469AEA /* MStoreItem.swift */,
				DAC9AA431E9BFF7700469AEA /* MStoreItemStatus.swift */,
				DAC9AA441E9BFF7700469AEA /* MStoreItemStatusDeferred.swift */,
				DAC9AA451E9BFF7700469AEA /* MStoreItemStatusNew.swift */,
				DAC9AA461E9BFF7700469AEA /* MStoreItemStatusNotAvailable.swift */,
				DAC9AA471E9BFF7700469AEA /* MStoreItemStatusPurchased.swift */,
				DAC9AA481E9BFF7700469AEA /* MStoreItemStatusPurchasing.swift */,
			);
			path = Base;
			sourceTree = "<group>";
		};
		DAC9AA491E9BFF7700469AEA /* Purchases */ = {
			isa = PBXGroup;
			children = (
				DAC9AA671E9C027E00469AEA /* MStoreItemPlus.swift */,
			);
			path = Purchases;
			sourceTree = "<group>";
		};
		DAC9AA521E9BFF8700469AEA /* Store */ = {
			isa = PBXGroup;
			children = (
				DAC9AA531E9BFF8700469AEA /* VStore.swift */,
				DAC9AA541E9BFF8700469AEA /* VStoreBar.swift */,
				DAC9AA551E9BFF8700469AEA /* VStoreCell.swift */,
				DAC9AA561E9BFF8700469AEA /* VStoreCellDeferred.swift */,
				DAC9AA571E9BFF8700469AEA /* VStoreCellNew.swift */,
				DAC9AA581E9BFF8700469AEA /* VStoreCellNotAvailable.swift */,
				DAC9AA591E9BFF8700469AEA /* VStoreCellPurchased.swift */,
				DAC9AA5A1E9BFF8700469AEA /* VStoreCellPurchasing.swift */,
				DAC9AA5B1E9BFF8700469AEA /* VStoreFooter.swift */,
				DAC9AA5C1E9BFF8700469AEA /* VStoreHeader.swift */,
			);
			path = Store;
			sourceTree = "<group>";
		};
		DAD1E9821E8C768F00D1BC66 /* Settings */ = {
			isa = PBXGroup;
			children = (
				DAD1E9831E8C769700D1BC66 /* VSettings.swift */,
				DAEB09FC1E8DBEBE008FAD26 /* VSettingsGradient.swift */,
				DAEC1AB01E8C7FF70001B27B /* VSettingsBackground.swift */,
				DAD1E9851E8C772000D1BC66 /* VSettingsBar.swift */,
				DAEB09FA1E8D9959008FAD26 /* VSettingsCell.swift */,
				DAEB09FE1E8DC3CB008FAD26 /* VSettingsCellLanguage.swift */,
				DAEB0A081E8DDFAE008FAD26 /* VSettingsCellLanguageButton.swift */,
				DA03A87A1E98378D007F0827 /* VSettingsCellResults.swift */,
			);
			path = Settings;
			sourceTree = "<group>";
		};
		DAD5B2531E8EA97100F5E481 /* Favorites */ = {
			isa = PBXGroup;
			children = (
				DAD5B2541E8EA97E00F5E481 /* VFavorites.swift */,
				DA03A86D1E97F660007F0827 /* VFavoritesBar.swift */,
				DA03A8711E97F671007F0827 /* VFavoritesCell.swift */,
			);
			path = Favorites;
			sourceTree = "<group>";
		};
		DAD5B2631E8EEEAA00F5E481 /* Main */ = {
			isa = PBXGroup;
			children = (
				DAD5B2641E8EEEAA00F5E481 /* MSession.swift */,
				DAD5B2681E8EF8E300F5E481 /* MUrls.swift */,
				DAD5B26A1E8EF8F500F5E481 /* MOxfordCredentials.swift */,
				DA9642C11E9692A20069375C /* MLanguage.swift */,
				DA9642C31E9692CA0069375C /* MLanguageEnglish.swift */,
				DA9642C51E9692D40069375C /* MLanguageSpanish.swift */,
			);
			path = Main;
			sourceTree = "<group>";
		};
		DAEC1AB41E8C812F0001B27B /* Settings */ = {
			isa = PBXGroup;
			children = (
				DAEC1AB51E8C81390001B27B /* MSettingsBackground.swift */,
				DAEC1AB71E8C81430001B27B /* MSettingsBackgroundItem.swift */,
				DAEB0A001E8DC978008FAD26 /* MSettings.swift */,
				DAEB0A021E8DC981008FAD26 /* MSettingsItem.swift */,
				DAEB0A041E8DC994008FAD26 /* MSettingsItemLanguage.swift */,
				DA03A8781E98374C007F0827 /* MSettingsItemResults.swift */,
			);
			path = Settings;
			sourceTree = "<group>";
		};
		DAF6E9731E99B51300486B50 /* Froob */ = {
			isa = PBXGroup;
			children = (
				DAF6E9741E99B51B00486B50 /* VFroobPlus.swift */,
				DAC9AA391E9BC5F900469AEA /* VFroobPlusContent.swift */,
				DAC9AA3B1E9BC63C00469AEA /* VFroobPlusContentButtons.swift */,
			);
			path = Froob;
			sourceTree = "<group>";
		};
/* End PBXGroup section */

/* Begin PBXNativeTarget section */
		DA8AD6BE1E8AE8D30072560C /* Hyperborea */ = {
			isa = PBXNativeTarget;
			buildConfigurationList = DA8AD6D11E8AE8D30072560C /* Build configuration list for PBXNativeTarget "Hyperborea" */;
			buildPhases = (
				DA8AD6BB1E8AE8D30072560C /* Sources */,
				DA8AD6BC1E8AE8D30072560C /* Frameworks */,
				DA8AD6BD1E8AE8D30072560C /* Resources */,
			);
			buildRules = (
			);
			dependencies = (
			);
			name = Hyperborea;
			productName = Hyperborea;
			productReference = DA8AD6BF1E8AE8D30072560C /* Hyperborea.app */;
			productType = "com.apple.product-type.application";
		};
/* End PBXNativeTarget section */

/* Begin PBXProject section */
		DA8AD6B71E8AE8D30072560C /* Project object */ = {
			isa = PBXProject;
			attributes = {
				LastSwiftUpdateCheck = 0820;
				LastUpgradeCheck = 0820;
				ORGANIZATIONNAME = iturbide;
				TargetAttributes = {
					DA8AD6BE1E8AE8D30072560C = {
						CreatedOnToolsVersion = 8.2.1;
						DevelopmentTeam = 7AMWG3RLHN;
						ProvisioningStyle = Automatic;
					};
				};
			};
			buildConfigurationList = DA8AD6BA1E8AE8D30072560C /* Build configuration list for PBXProject "Hyperborea" */;
			compatibilityVersion = "Xcode 3.2";
			developmentRegion = English;
			hasScannedForEncodings = 0;
			knownRegions = (
				en,
			);
			mainGroup = DA8AD6B61E8AE8D30072560C;
			productRefGroup = DA8AD6C01E8AE8D30072560C /* Products */;
			projectDirPath = "";
			projectRoot = "";
			targets = (
				DA8AD6BE1E8AE8D30072560C /* Hyperborea */,
			);
		};
/* End PBXProject section */

/* Begin PBXResourcesBuildPhase section */
		DA8AD6BD1E8AE8D30072560C /* Resources */ = {
			isa = PBXResourcesBuildPhase;
			buildActionMask = 2147483647;
			files = (
				DA1F6FC01E8AEF1C00484942 /* LaunchScreen.storyboard in Resources */,
				DAD5B22F1E8EA6F200F5E481 /* spinner.xcassets in Resources */,
				DA1F6FCE1E8AEF1C00484942 /* Localizable.strings in Resources */,
				DAD5B2791E8F061500F5E481 /* ResourceOxfordCredentials.plist in Resources */,
				DA71ED1D1E92ABA800D444C9 /* ResourceLexicalCategory.plist in Resources */,
				DA1F6FD01E8AEF1C00484942 /* ResourceUrl.plist in Resources */,
				DA1F6FEC1E8B13A400484942 /* generic.xcassets in Resources */,
			);
			runOnlyForDeploymentPostprocessing = 0;
		};
/* End PBXResourcesBuildPhase section */

/* Begin PBXSourcesBuildPhase section */
		DA8AD6BB1E8AE8D30072560C /* Sources */ = {
			isa = PBXSourcesBuildPhase;
			buildActionMask = 2147483647;
			files = (
				DA22EFFF1E93EFD8009AD88E /* MSearchEntryItemConjunction.swift in Sources */,
				DA2E83BB1E8C136700354343 /* VSearchContent.swift in Sources */,
				DAC9AA641E9BFF8700469AEA /* VStoreCellPurchasing.swift in Sources */,
				DA1F6FC51E8AEF1C00484942 /* ExtensionFileManager.swift in Sources */,
				DA1F6FCC1E8AEF1C00484942 /* ExtensionURL.swift in Sources */,
				DA1F6FE81E8B069800484942 /* VSearchOptions.swift in Sources */,
				DAD5B23D1E8EA83D00F5E481 /* CFavorites.swift in Sources */,
				DAA99CC61E8B24DD003B9E2C /* MSearchResultsItem.swift in Sources */,
				DAEC1AB81E8C81430001B27B /* MSettingsBackgroundItem.swift in Sources */,
				DA90CB3A1E92F80A00497AD0 /* VSearchContentModeCell.swift in Sources */,
				DA90CB301E92B56300497AD0 /* MSearchEntryItemNoun.swift in Sources */,
				DA03A86E1E97F660007F0827 /* VFavoritesBar.swift in Sources */,
				DA03A87D1E98461B007F0827 /* MSearchOptionsItemStore.swift in Sources */,
				DAC9AA661E9BFF8700469AEA /* VStoreHeader.swift in Sources */,
				DA9642E01E96E65E0069375C /* MRecentEntry.swift in Sources */,
				DA22EFF91E93E739009AD88E /* MSearchEntryItemAdjective.swift in Sources */,
				DAD5B24E1E8EA8E500F5E481 /* VParent.swift in Sources */,
				DA22F0251E94672B009AD88E /* VSearchContentCellSynonyms.swift in Sources */,
				DAD5B2601E8EDB6900F5E481 /* MSearchRequestLook.swift in Sources */,
				DA22F0211E9444D8009AD88E /* MSearchRequestSynonyms.swift in Sources */,
				DA1F6FEF1E8B13DD00484942 /* MSearchOptions.swift in Sources */,
				DAC9AA3C1E9BC63C00469AEA /* VFroobPlusContentButtons.swift in Sources */,
				DA4B231C1E9548C200F5FE1A /* MSearchRequestAntonyms.swift in Sources */,
				DA4B23201E954E5D00F5FE1A /* VSearchContentCellTranslations.swift in Sources */,
				DA71ED151E92955100D444C9 /* MSearchRequestEntry.swift in Sources */,
				DAD5B24D1E8EA8E500F5E481 /* VCollectionFlow.swift in Sources */,
				DA1317441E8C42A4000624CF /* MSearchContentModeItem.swift in Sources */,
				DAA99CC41E8B2433003B9E2C /* MSearchResults.swift in Sources */,
				DA9642D01E96CA490069375C /* CRecent.swift in Sources */,
				DA03A87F1E985040007F0827 /* ExtensionString.swift in Sources */,
				DAEB0A011E8DC978008FAD26 /* MSettings.swift in Sources */,
				DA4B231A1E95479D00F5FE1A /* MSearchAntonyms.swift in Sources */,
				DA13174E1E8C5E9A000624CF /* MSearchContentModeItemTranslate.swift in Sources */,
				DA22F0071E93F147009AD88E /* MSearchEntryItemInterjection.swift in Sources */,
				DA22F01D1E93FAA7009AD88E /* VSearchContentHeader.swift in Sources */,
				DAEC1AB61E8C81390001B27B /* MSettingsBackground.swift in Sources */,
				DAD5B2651E8EEEAA00F5E481 /* MSession.swift in Sources */,
				DAF622981E908F5C0030772B /* VSearchCellContent.swift in Sources */,
				DAC9AA4B1E9BFF7700469AEA /* MStoreItem.swift in Sources */,
				DA22F0151E93F659009AD88E /* MSearchEntryItemPreposition.swift in Sources */,
				DAC9AA631E9BFF8700469AEA /* VStoreCellPurchased.swift in Sources */,
				DAD5B2591E8EAEF900F5E481 /* MSearchOptionsItemFavorites.swift in Sources */,
				DA1F6FC41E8AEF1C00484942 /* DManager.swift in Sources */,
				DAC9AA501E9BFF7700469AEA /* MStoreItemStatusPurchased.swift in Sources */,
				DA1317481E8C5E78000624CF /* MSearchContentModeItemSynonyms.swift in Sources */,
				DA1F6FF11E8B141900484942 /* MSearchOptionsItem.swift in Sources */,
				DAD5B25C1E8EB9E100F5E481 /* DHyper.xcdatamodeld in Sources */,
				DA03A87B1E98378D007F0827 /* VSettingsCellResults.swift in Sources */,
				DAC9AA4E1E9BFF7700469AEA /* MStoreItemStatusNew.swift in Sources */,
				DAC9AA511E9BFF7700469AEA /* MStoreItemStatusPurchasing.swift in Sources */,
				DAD5B2511E8EA8E500F5E481 /* VToast.swift in Sources */,
				DA22F0171E93F6C7009AD88E /* MSearchEntryItemPronoun.swift in Sources */,
				DA9642D31E96CAB10069375C /* VRecent.swift in Sources */,
				DA22F00D1E93F383009AD88E /* MSearchEntryItemOther.swift in Sources */,
				DAD5B25E1E8EBA7E00F5E481 /* DSettingsExtension.swift in Sources */,
				DAC9AA621E9BFF8700469AEA /* VStoreCellNotAvailable.swift in Sources */,
				DAD5B2521E8EA8E500F5E481 /* VView.swift in Sources */,
				DAD1E9841E8C769700D1BC66 /* VSettings.swift in Sources */,
				DA03A8791E98374C007F0827 /* MSettingsItemResults.swift in Sources */,
				DA1F6FC61E8AEF1C00484942 /* ExtensionNotification.swift in Sources */,
				DA1F6FCA1E8AEF1C00484942 /* ExtensionUIColor.swift in Sources */,
				DA90CB341E92C90D00497AD0 /* MSearchEntryNumber.swift in Sources */,
				DA1F6FCB1E8AEF1C00484942 /* ExtensionUIFont.swift in Sources */,
				DAEB0A031E8DC981008FAD26 /* MSettingsItem.swift in Sources */,
				DAC9AA3A1E9BC5F900469AEA /* VFroobPlusContent.swift in Sources */,
				DAEB09FD1E8DBEBE008FAD26 /* VSettingsGradient.swift in Sources */,
				DAC9AA611E9BFF8700469AEA /* VStoreCellNew.swift in Sources */,
				DA22EFFB1E93E83F009AD88E /* MSearchEntryItemAdverb.swift in Sources */,
				DAC9AA4C1E9BFF7700469AEA /* MStoreItemStatus.swift in Sources */,
				DA1F6FC81E8AEF1C00484942 /* ExtensionNSManagedObject.swift in Sources */,
				DAD5B2391E8EA83D00F5E481 /* CSettings.swift in Sources */,
				DA22F0231E9448CB009AD88E /* MSearchSynonyms.swift in Sources */,
				DA1317421E8C4296000624CF /* MSearchContentMode.swift in Sources */,
				DAEB09FB1E8D9959008FAD26 /* VSettingsCell.swift in Sources */,
				DA22F0091E93F1A6009AD88E /* MSearchEntryItemNumeral.swift in Sources */,
				DAEB09FF1E8DC3CB008FAD26 /* VSettingsCellLanguage.swift in Sources */,
				DA22F0011E93F037009AD88E /* MSearchEntryItemContraction.swift in Sources */,
				DAC9AA4D1E9BFF7700469AEA /* MStoreItemStatusDeferred.swift in Sources */,
				DA22F0191E93F705009AD88E /* MSearchEntryItemResidual.swift in Sources */,
				DA90CB361E92DEA300497AD0 /* VSearchContentCellDefinition.swift in Sources */,
				DA9642C21E9692A30069375C /* MLanguage.swift in Sources */,
				DA9642DC1E96E6480069375C /* MRecent.swift in Sources */,
				DA9642DE1E96E6540069375C /* MRecentDay.swift in Sources */,
				DA90CB381E92F57500497AD0 /* VSearchContentMode.swift in Sources */,
				DA9642C41E9692CA0069375C /* MLanguageEnglish.swift in Sources */,
				DA9642D71E96D6AD0069375C /* VRecentBar.swift in Sources */,
				DAA99CC81E8B2F22003B9E2C /* VSearchResultsCell.swift in Sources */,
				DA90CB321E92B73B00497AD0 /* MSearchEntrySenses.swift in Sources */,
				DA2E83B91E8C02B600354343 /* VSearchResultsFlow.swift in Sources */,
				DA1317521E8C5EB8000624CF /* MSearchContentModeItemOrigins.swift in Sources */,
				DA1F6FC91E8AEF1C00484942 /* ExtensionUICollectionReusableView.swift in Sources */,
				DAEB0A091E8DDFAE008FAD26 /* VSettingsCellLanguageButton.swift in Sources */,
				DAD5B23B1E8EA83D00F5E481 /* CAppDelegate.swift in Sources */,
				DA0260971E9317A100CD0D2A /* MSearchEntryItemVerb.swift in Sources */,
				DA1317461E8C5079000624CF /* MSearchContentModeItemDefinition.swift in Sources */,
				DAA99CC21E8B1B02003B9E2C /* VSearchResults.swift in Sources */,
				DA0260991E93248400CD0D2A /* MSearchEntryTense.swift in Sources */,
				DAD5B24B1E8EA8E500F5E481 /* VBorder.swift in Sources */,
				DA71ED1B1E92AB3000D444C9 /* MSearchEntryFactory.swift in Sources */,
				DA4B231E1E954E1900F5FE1A /* VSearchContentCellAntonyms.swift in Sources */,
				DA2E83BF1E8C1DEE00354343 /* VSearchContentCell.swift in Sources */,
				DA71ED191E92A65400D444C9 /* MSearchEntryItem.swift in Sources */,
				DA22F0131E93F61B009AD88E /* MSearchEntryItemPrefix.swift in Sources */,
				DA1F6FF31E8B168B00484942 /* MSearchOptionsItemSettings.swift in Sources */,
				DAD5B24F1E8EA8E500F5E481 /* VParentPushBackground.swift in Sources */,
				DAD5B2691E8EF8E300F5E481 /* MUrls.swift in Sources */,
				DA4B23241E95547C00F5FE1A /* MSearchRequestTranslations.swift in Sources */,
				DA03A8771E97F7EA007F0827 /* MFavoritesItem.swift in Sources */,
				DAD5B23E1E8EA83D00F5E481 /* CSearch.swift in Sources */,
				DAC9AA5F1E9BFF8700469AEA /* VStoreCell.swift in Sources */,
				DA9642CC1E96A7CB0069375C /* MSearchOrigins.swift in Sources */,
				DAD5B23A1E8EA83D00F5E481 /* CController.swift in Sources */,
				DAEB0A051E8DC994008FAD26 /* MSettingsItemLanguage.swift in Sources */,
				DA13174A1E8C5E85000624CF /* MSearchContentModeItemAntonyms.swift in Sources */,
				DAD5B2491E8EA8E500F5E481 /* VAlert.swift in Sources */,
				DAC9AA3E1E9BFCCB00469AEA /* CStore.swift in Sources */,
				DA71ED171E92A41C00D444C9 /* MSearchEntry.swift in Sources */,
				DA22F00F1E93F3E4009AD88E /* MSearchEntryItemParticle.swift in Sources */,
				DA22F0031E93F08B009AD88E /* MSearchEntryItemDeterminer.swift in Sources */,
				DAC9AA5D1E9BFF8700469AEA /* VStore.swift in Sources */,
				DAC9AA651E9BFF8700469AEA /* VStoreFooter.swift in Sources */,
				DA9642D91E96D6B40069375C /* VRecentCell.swift in Sources */,
				DA22F0051E93F0F2009AD88E /* MSearchEntryItemIdiomatic.swift in Sources */,
				DAD1E9861E8C772000D1BC66 /* VSettingsBar.swift in Sources */,
				DA1F6FE21E8AF76800484942 /* VSearch.swift in Sources */,
				DA4B23221E954EFE00F5FE1A /* MSearchTranslations.swift in Sources */,
				DAC9AA681E9C027E00469AEA /* MStoreItemPlus.swift in Sources */,
				DAF622941E908E720030772B /* VSearchCell.swift in Sources */,
				DAC9AA601E9BFF8700469AEA /* VStoreCellDeferred.swift in Sources */,
				DAF6E9721E99B4E400486B50 /* CFroobPlus.swift in Sources */,
				DA9642C61E9692D40069375C /* MLanguageSpanish.swift in Sources */,
				DAC9AA5E1E9BFF8700469AEA /* VStoreBar.swift in Sources */,
				DAD5B2551E8EA97E00F5E481 /* VFavorites.swift in Sources */,
				DA03A8751E97F7E2007F0827 /* MFavorites.swift in Sources */,
				DA1F6FE61E8AFDFC00484942 /* VSearchBarField.swift in Sources */,
				DA22F01B1E93F75D009AD88E /* MSearchEntryItemSuffix.swift in Sources */,
				DAD5B23C1E8EA83D00F5E481 /* CParent.swift in Sources */,
				DA4B23181E953BFE00F5FE1A /* MSearchRequest.swift in Sources */,
				DA1F6FEA1E8B075200484942 /* VSearchOptionsCell.swift in Sources */,
				DA1F6FE41E8AF8F200484942 /* VSearchBar.swift in Sources */,
				DAF622961E908F4E0030772B /* VSearchCellResults.swift in Sources */,
				DAD5B24C1E8EA8E500F5E481 /* VCollection.swift in Sources */,
				DA22F0111E93F5D2009AD88E /* MSearchEntryItemPredeterminer.swift in Sources */,
				DAEC1AB11E8C7FF70001B27B /* VSettingsBackground.swift in Sources */,
				DAC9AA4A1E9BFF7700469AEA /* MStore.swift in Sources */,
				DAD5B26B1E8EF8F500F5E481 /* MOxfordCredentials.swift in Sources */,
				DA1F6FC71E8AEF1C00484942 /* ExtensionNSLayoutConstraint.swift in Sources */,
				DAF6E9751E99B51B00486B50 /* VFroobPlus.swift in Sources */,
				DA03A8721E97F671007F0827 /* VFavoritesCell.swift in Sources */,
				DA9642CE1E96C87A0069375C /* MSearchOptionsItemRecent.swift in Sources */,
				DAD5B2501E8EA8E500F5E481 /* VSpinner.swift in Sources */,
				DA9642C81E96A4A10069375C /* VSearchContentCellOrigins.swift in Sources */,
				DA22F00B1E93F1E9009AD88E /* MSearchEntryNumeral.swift in Sources */,
				DAC9AA4F1E9BFF7700469AEA /* MStoreItemStatusNotAvailable.swift in Sources */,
				DA22EFFD1E93EF51009AD88E /* MSearchEntryItemCombiningForm.swift in Sources */,
				DA9642D51E96D6A30069375C /* VRecentHeader.swift in Sources */,
				DAD5B24A1E8EA8E500F5E481 /* VBlur.swift in Sources */,
			);
			runOnlyForDeploymentPostprocessing = 0;
		};
/* End PBXSourcesBuildPhase section */

/* Begin PBXVariantGroup section */
		DA1F6FAC1E8AEF1C00484942 /* Localizable.strings */ = {
			isa = PBXVariantGroup;
			children = (
				DA1F6FAD1E8AEF1C00484942 /* en */,
			);
			name = Localizable.strings;
			sourceTree = "<group>";
		};
/* End PBXVariantGroup section */

/* Begin XCBuildConfiguration section */
		DA8AD6CF1E8AE8D30072560C /* Debug */ = {
			isa = XCBuildConfiguration;
			buildSettings = {
				ALWAYS_SEARCH_USER_PATHS = NO;
				CLANG_ANALYZER_NONNULL = YES;
				CLANG_CXX_LANGUAGE_STANDARD = "gnu++0x";
				CLANG_CXX_LIBRARY = "libc++";
				CLANG_ENABLE_MODULES = YES;
				CLANG_ENABLE_OBJC_ARC = YES;
				CLANG_WARN_BOOL_CONVERSION = YES;
				CLANG_WARN_CONSTANT_CONVERSION = YES;
				CLANG_WARN_DIRECT_OBJC_ISA_USAGE = YES_ERROR;
				CLANG_WARN_DOCUMENTATION_COMMENTS = YES;
				CLANG_WARN_EMPTY_BODY = YES;
				CLANG_WARN_ENUM_CONVERSION = YES;
				CLANG_WARN_INFINITE_RECURSION = YES;
				CLANG_WARN_INT_CONVERSION = YES;
				CLANG_WARN_OBJC_ROOT_CLASS = YES_ERROR;
				CLANG_WARN_SUSPICIOUS_MOVE = YES;
				CLANG_WARN_UNREACHABLE_CODE = YES;
				CLANG_WARN__DUPLICATE_METHOD_MATCH = YES;
				"CODE_SIGN_IDENTITY[sdk=iphoneos*]" = "iPhone Developer";
				COPY_PHASE_STRIP = NO;
				DEBUG_INFORMATION_FORMAT = dwarf;
				ENABLE_STRICT_OBJC_MSGSEND = YES;
				ENABLE_TESTABILITY = YES;
				GCC_C_LANGUAGE_STANDARD = gnu99;
				GCC_DYNAMIC_NO_PIC = NO;
				GCC_NO_COMMON_BLOCKS = YES;
				GCC_OPTIMIZATION_LEVEL = 0;
				GCC_PREPROCESSOR_DEFINITIONS = (
					"DEBUG=1",
					"$(inherited)",
				);
				GCC_WARN_64_TO_32_BIT_CONVERSION = YES;
				GCC_WARN_ABOUT_RETURN_TYPE = YES_ERROR;
				GCC_WARN_UNDECLARED_SELECTOR = YES;
				GCC_WARN_UNINITIALIZED_AUTOS = YES_AGGRESSIVE;
				GCC_WARN_UNUSED_FUNCTION = YES;
				GCC_WARN_UNUSED_VARIABLE = YES;
				IPHONEOS_DEPLOYMENT_TARGET = 9.0;
				MTL_ENABLE_DEBUG_INFO = YES;
				ONLY_ACTIVE_ARCH = YES;
				SDKROOT = iphoneos;
				SWIFT_ACTIVE_COMPILATION_CONDITIONS = DEBUG;
				SWIFT_OPTIMIZATION_LEVEL = "-Onone";
				TARGETED_DEVICE_FAMILY = "1,2";
			};
			name = Debug;
		};
		DA8AD6D01E8AE8D30072560C /* Release */ = {
			isa = XCBuildConfiguration;
			buildSettings = {
				ALWAYS_SEARCH_USER_PATHS = NO;
				CLANG_ANALYZER_NONNULL = YES;
				CLANG_CXX_LANGUAGE_STANDARD = "gnu++0x";
				CLANG_CXX_LIBRARY = "libc++";
				CLANG_ENABLE_MODULES = YES;
				CLANG_ENABLE_OBJC_ARC = YES;
				CLANG_WARN_BOOL_CONVERSION = YES;
				CLANG_WARN_CONSTANT_CONVERSION = YES;
				CLANG_WARN_DIRECT_OBJC_ISA_USAGE = YES_ERROR;
				CLANG_WARN_DOCUMENTATION_COMMENTS = YES;
				CLANG_WARN_EMPTY_BODY = YES;
				CLANG_WARN_ENUM_CONVERSION = YES;
				CLANG_WARN_INFINITE_RECURSION = YES;
				CLANG_WARN_INT_CONVERSION = YES;
				CLANG_WARN_OBJC_ROOT_CLASS = YES_ERROR;
				CLANG_WARN_SUSPICIOUS_MOVE = YES;
				CLANG_WARN_UNREACHABLE_CODE = YES;
				CLANG_WARN__DUPLICATE_METHOD_MATCH = YES;
				"CODE_SIGN_IDENTITY[sdk=iphoneos*]" = "iPhone Developer";
				COPY_PHASE_STRIP = NO;
				DEBUG_INFORMATION_FORMAT = "dwarf-with-dsym";
				ENABLE_NS_ASSERTIONS = NO;
				ENABLE_STRICT_OBJC_MSGSEND = YES;
				GCC_C_LANGUAGE_STANDARD = gnu99;
				GCC_NO_COMMON_BLOCKS = YES;
				GCC_WARN_64_TO_32_BIT_CONVERSION = YES;
				GCC_WARN_ABOUT_RETURN_TYPE = YES_ERROR;
				GCC_WARN_UNDECLARED_SELECTOR = YES;
				GCC_WARN_UNINITIALIZED_AUTOS = YES_AGGRESSIVE;
				GCC_WARN_UNUSED_FUNCTION = YES;
				GCC_WARN_UNUSED_VARIABLE = YES;
				IPHONEOS_DEPLOYMENT_TARGET = 9.0;
				MTL_ENABLE_DEBUG_INFO = NO;
				SDKROOT = iphoneos;
				SWIFT_OPTIMIZATION_LEVEL = "-Owholemodule";
				TARGETED_DEVICE_FAMILY = "1,2";
				VALIDATE_PRODUCT = YES;
			};
			name = Release;
		};
		DA8AD6D21E8AE8D30072560C /* Debug */ = {
			isa = XCBuildConfiguration;
			buildSettings = {
				DEVELOPMENT_TEAM = 7AMWG3RLHN;
				INFOPLIST_FILE = Hyperborea/Info.plist;
				LD_RUNPATH_SEARCH_PATHS = "$(inherited) @executable_path/Frameworks";
				PRODUCT_BUNDLE_IDENTIFIER = iturbide.Hyperborea;
				PRODUCT_NAME = "$(TARGET_NAME)";
				SWIFT_VERSION = 3.0;
			};
			name = Debug;
		};
		DA8AD6D31E8AE8D30072560C /* Release */ = {
			isa = XCBuildConfiguration;
			buildSettings = {
				DEVELOPMENT_TEAM = 7AMWG3RLHN;
				INFOPLIST_FILE = Hyperborea/Info.plist;
				LD_RUNPATH_SEARCH_PATHS = "$(inherited) @executable_path/Frameworks";
				PRODUCT_BUNDLE_IDENTIFIER = iturbide.Hyperborea;
				PRODUCT_NAME = "$(TARGET_NAME)";
				SWIFT_VERSION = 3.0;
			};
			name = Release;
		};
/* End XCBuildConfiguration section */

/* Begin XCConfigurationList section */
		DA8AD6BA1E8AE8D30072560C /* Build configuration list for PBXProject "Hyperborea" */ = {
			isa = XCConfigurationList;
			buildConfigurations = (
				DA8AD6CF1E8AE8D30072560C /* Debug */,
				DA8AD6D01E8AE8D30072560C /* Release */,
			);
			defaultConfigurationIsVisible = 0;
			defaultConfigurationName = Release;
		};
		DA8AD6D11E8AE8D30072560C /* Build configuration list for PBXNativeTarget "Hyperborea" */ = {
			isa = XCConfigurationList;
			buildConfigurations = (
				DA8AD6D21E8AE8D30072560C /* Debug */,
				DA8AD6D31E8AE8D30072560C /* Release */,
			);
			defaultConfigurationIsVisible = 0;
			defaultConfigurationName = Release;
		};
/* End XCConfigurationList section */

/* Begin XCVersionGroup section */
		DAD5B25A1E8EB9E100F5E481 /* DHyper.xcdatamodeld */ = {
			isa = XCVersionGroup;
			children = (
				DAD5B25B1E8EB9E100F5E481 /* DHyper.xcdatamodel */,
			);
			currentVersion = DAD5B25B1E8EB9E100F5E481 /* DHyper.xcdatamodel */;
			path = DHyper.xcdatamodeld;
			sourceTree = "<group>";
			versionGroupType = wrapper.xcdatamodel;
		};
/* End XCVersionGroup section */
	};
	rootObject = DA8AD6B71E8AE8D30072560C /* Project object */;
}
