// !$*UTF8*$!
{
	archiveVersion = 1;
	classes = {
	};
	objectVersion = 46;
	objects = {

/* Begin PBXBuildFile section */
		DAAD34651DF2332500C5D3D1 /* CAppDelegate.swift in Sources */ = {isa = PBXBuildFile; fileRef = DAAD34471DF2332500C5D3D1 /* CAppDelegate.swift */; };
		DAAD34661DF2332500C5D3D1 /* CController.swift in Sources */ = {isa = PBXBuildFile; fileRef = DAAD34481DF2332500C5D3D1 /* CController.swift */; };
		DAAD34671DF2332500C5D3D1 /* CParent.swift in Sources */ = {isa = PBXBuildFile; fileRef = DAAD34491DF2332500C5D3D1 /* CParent.swift */; };
		DAAD34681DF2332500C5D3D1 /* ExtensionFileManager.swift in Sources */ = {isa = PBXBuildFile; fileRef = DAAD344B1DF2332500C5D3D1 /* ExtensionFileManager.swift */; };
		DAAD34691DF2332500C5D3D1 /* ExtensionNotification.swift in Sources */ = {isa = PBXBuildFile; fileRef = DAAD344C1DF2332500C5D3D1 /* ExtensionNotification.swift */; };
		DAAD346A1DF2332500C5D3D1 /* ExtensionUICollectionReusableView.swift in Sources */ = {isa = PBXBuildFile; fileRef = DAAD344D1DF2332500C5D3D1 /* ExtensionUICollectionReusableView.swift */; };
		DAAD346B1DF2332500C5D3D1 /* ExtensionUIColor.swift in Sources */ = {isa = PBXBuildFile; fileRef = DAAD344E1DF2332500C5D3D1 /* ExtensionUIColor.swift */; };
		DAAD346C1DF2332500C5D3D1 /* ExtensionUIFont.swift in Sources */ = {isa = PBXBuildFile; fileRef = DAAD344F1DF2332500C5D3D1 /* ExtensionUIFont.swift */; };
		DAAD346D1DF2332500C5D3D1 /* Info.plist in Resources */ = {isa = PBXBuildFile; fileRef = DAAD34501DF2332500C5D3D1 /* Info.plist */; };
		DAAD346E1DF2332500C5D3D1 /* MMain.swift in Sources */ = {isa = PBXBuildFile; fileRef = DAAD34531DF2332500C5D3D1 /* MMain.swift */; };
		DAAD346F1DF2332500C5D3D1 /* MMainItem.swift in Sources */ = {isa = PBXBuildFile; fileRef = DAAD34541DF2332500C5D3D1 /* MMainItem.swift */; };
		DAAD34701DF2332500C5D3D1 /* MMainItemHome.swift in Sources */ = {isa = PBXBuildFile; fileRef = DAAD34551DF2332500C5D3D1 /* MMainItemHome.swift */; };
		DAAD34711DF2332500C5D3D1 /* MMainState.swift in Sources */ = {isa = PBXBuildFile; fileRef = DAAD34561DF2332500C5D3D1 /* MMainState.swift */; };
		DAAD34721DF2332500C5D3D1 /* MMainStateOptions.swift in Sources */ = {isa = PBXBuildFile; fileRef = DAAD34571DF2332500C5D3D1 /* MMainStateOptions.swift */; };
		DAAD34731DF2332500C5D3D1 /* MMainStatePushed.swift in Sources */ = {isa = PBXBuildFile; fileRef = DAAD34581DF2332500C5D3D1 /* MMainStatePushed.swift */; };
		DAAD34741DF2332500C5D3D1 /* Localizable.strings in Resources */ = {isa = PBXBuildFile; fileRef = DAAD345A1DF2332500C5D3D1 /* Localizable.strings */; };
		DAAD34751DF2332500C5D3D1 /* VAlert.swift in Sources */ = {isa = PBXBuildFile; fileRef = DAAD345F1DF2332500C5D3D1 /* VAlert.swift */; };
		DAAD34761DF2332500C5D3D1 /* VBar.swift in Sources */ = {isa = PBXBuildFile; fileRef = DAAD34601DF2332500C5D3D1 /* VBar.swift */; };
		DAAD34771DF2332500C5D3D1 /* VBarCell.swift in Sources */ = {isa = PBXBuildFile; fileRef = DAAD34611DF2332500C5D3D1 /* VBarCell.swift */; };
		DAAD34781DF2332500C5D3D1 /* VParent.swift in Sources */ = {isa = PBXBuildFile; fileRef = DAAD34621DF2332500C5D3D1 /* VParent.swift */; };
		DAAD347A1DF2332500C5D3D1 /* VSpinner.swift in Sources */ = {isa = PBXBuildFile; fileRef = DAAD34641DF2332500C5D3D1 /* VSpinner.swift */; };
		DAAD347D1DF235BC00C5D3D1 /* CHome.swift in Sources */ = {isa = PBXBuildFile; fileRef = DAAD347C1DF235BC00C5D3D1 /* CHome.swift */; };
		DAAD34801DF23A6C00C5D3D1 /* LaunchScreen.storyboard in Resources */ = {isa = PBXBuildFile; fileRef = DAAD347F1DF23A6C00C5D3D1 /* LaunchScreen.storyboard */; };
/* End PBXBuildFile section */

/* Begin PBXFileReference section */
		DAAD34301DF22D7500C5D3D1 /* Hyperborea.app */ = {isa = PBXFileReference; explicitFileType = wrapper.application; includeInIndex = 0; path = Hyperborea.app; sourceTree = BUILT_PRODUCTS_DIR; };
		DAAD34471DF2332500C5D3D1 /* CAppDelegate.swift */ = {isa = PBXFileReference; fileEncoding = 4; lastKnownFileType = sourcecode.swift; path = CAppDelegate.swift; sourceTree = "<group>"; };
		DAAD34481DF2332500C5D3D1 /* CController.swift */ = {isa = PBXFileReference; fileEncoding = 4; lastKnownFileType = sourcecode.swift; path = CController.swift; sourceTree = "<group>"; };
		DAAD34491DF2332500C5D3D1 /* CParent.swift */ = {isa = PBXFileReference; fileEncoding = 4; lastKnownFileType = sourcecode.swift; path = CParent.swift; sourceTree = "<group>"; };
		DAAD344B1DF2332500C5D3D1 /* ExtensionFileManager.swift */ = {isa = PBXFileReference; fileEncoding = 4; lastKnownFileType = sourcecode.swift; path = ExtensionFileManager.swift; sourceTree = "<group>"; };
		DAAD344C1DF2332500C5D3D1 /* ExtensionNotification.swift */ = {isa = PBXFileReference; fileEncoding = 4; lastKnownFileType = sourcecode.swift; path = ExtensionNotification.swift; sourceTree = "<group>"; };
		DAAD344D1DF2332500C5D3D1 /* ExtensionUICollectionReusableView.swift */ = {isa = PBXFileReference; fileEncoding = 4; lastKnownFileType = sourcecode.swift; path = ExtensionUICollectionReusableView.swift; sourceTree = "<group>"; };
		DAAD344E1DF2332500C5D3D1 /* ExtensionUIColor.swift */ = {isa = PBXFileReference; fileEncoding = 4; lastKnownFileType = sourcecode.swift; path = ExtensionUIColor.swift; sourceTree = "<group>"; };
		DAAD344F1DF2332500C5D3D1 /* ExtensionUIFont.swift */ = {isa = PBXFileReference; fileEncoding = 4; lastKnownFileType = sourcecode.swift; path = ExtensionUIFont.swift; sourceTree = "<group>"; };
		DAAD34501DF2332500C5D3D1 /* Info.plist */ = {isa = PBXFileReference; fileEncoding = 4; lastKnownFileType = text.plist.xml; path = Info.plist; sourceTree = "<group>"; };
		DAAD34531DF2332500C5D3D1 /* MMain.swift */ = {isa = PBXFileReference; fileEncoding = 4; lastKnownFileType = sourcecode.swift; path = MMain.swift; sourceTree = "<group>"; };
		DAAD34541DF2332500C5D3D1 /* MMainItem.swift */ = {isa = PBXFileReference; fileEncoding = 4; lastKnownFileType = sourcecode.swift; path = MMainItem.swift; sourceTree = "<group>"; };
		DAAD34551DF2332500C5D3D1 /* MMainItemHome.swift */ = {isa = PBXFileReference; fileEncoding = 4; lastKnownFileType = sourcecode.swift; path = MMainItemHome.swift; sourceTree = "<group>"; };
		DAAD34561DF2332500C5D3D1 /* MMainState.swift */ = {isa = PBXFileReference; fileEncoding = 4; lastKnownFileType = sourcecode.swift; path = MMainState.swift; sourceTree = "<group>"; };
		DAAD34571DF2332500C5D3D1 /* MMainStateOptions.swift */ = {isa = PBXFileReference; fileEncoding = 4; lastKnownFileType = sourcecode.swift; path = MMainStateOptions.swift; sourceTree = "<group>"; };
		DAAD34581DF2332500C5D3D1 /* MMainStatePushed.swift */ = {isa = PBXFileReference; fileEncoding = 4; lastKnownFileType = sourcecode.swift; path = MMainStatePushed.swift; sourceTree = "<group>"; };
		DAAD345B1DF2332500C5D3D1 /* en */ = {isa = PBXFileReference; lastKnownFileType = text.plist.strings; name = en; path = en.lproj/Localizable.strings; sourceTree = "<group>"; };
		DAAD345C1DF2332500C5D3D1 /* es */ = {isa = PBXFileReference; lastKnownFileType = text.plist.strings; name = es; path = es.lproj/Localizable.strings; sourceTree = "<group>"; };
		DAAD345F1DF2332500C5D3D1 /* VAlert.swift */ = {isa = PBXFileReference; fileEncoding = 4; lastKnownFileType = sourcecode.swift; path = VAlert.swift; sourceTree = "<group>"; };
		DAAD34601DF2332500C5D3D1 /* VBar.swift */ = {isa = PBXFileReference; fileEncoding = 4; lastKnownFileType = sourcecode.swift; path = VBar.swift; sourceTree = "<group>"; };
		DAAD34611DF2332500C5D3D1 /* VBarCell.swift */ = {isa = PBXFileReference; fileEncoding = 4; lastKnownFileType = sourcecode.swift; path = VBarCell.swift; sourceTree = "<group>"; };
		DAAD34621DF2332500C5D3D1 /* VParent.swift */ = {isa = PBXFileReference; fileEncoding = 4; lastKnownFileType = sourcecode.swift; path = VParent.swift; sourceTree = "<group>"; };
		DAAD34641DF2332500C5D3D1 /* VSpinner.swift */ = {isa = PBXFileReference; fileEncoding = 4; lastKnownFileType = sourcecode.swift; path = VSpinner.swift; sourceTree = "<group>"; };
		DAAD347C1DF235BC00C5D3D1 /* CHome.swift */ = {isa = PBXFileReference; fileEncoding = 4; lastKnownFileType = sourcecode.swift; path = CHome.swift; sourceTree = "<group>"; };
		DAAD347F1DF23A6C00C5D3D1 /* LaunchScreen.storyboard */ = {isa = PBXFileReference; fileEncoding = 4; lastKnownFileType = file.storyboard; path = LaunchScreen.storyboard; sourceTree = "<group>"; };
/* End PBXFileReference section */

/* Begin PBXFrameworksBuildPhase section */
		DAAD342D1DF22D7500C5D3D1 /* Frameworks */ = {
			isa = PBXFrameworksBuildPhase;
			buildActionMask = 2147483647;
			files = (
			);
			runOnlyForDeploymentPostprocessing = 0;
		};
/* End PBXFrameworksBuildPhase section */

/* Begin PBXGroup section */
		DAAD34271DF22D7500C5D3D1 = {
			isa = PBXGroup;
			children = (
				DAAD34321DF22D7500C5D3D1 /* Hyperborea */,
				DAAD34311DF22D7500C5D3D1 /* Products */,
			);
			sourceTree = "<group>";
		};
		DAAD34311DF22D7500C5D3D1 /* Products */ = {
			isa = PBXGroup;
			children = (
				DAAD34301DF22D7500C5D3D1 /* Hyperborea.app */,
			);
			name = Products;
			sourceTree = "<group>";
		};
		DAAD34321DF22D7500C5D3D1 /* Hyperborea */ = {
			isa = PBXGroup;
			children = (
				DAAD347E1DF23A6C00C5D3D1 /* Assets */,
				DAAD34451DF2332500C5D3D1 /* Controller */,
				DAAD344A1DF2332500C5D3D1 /* Extensions */,
				DAAD34501DF2332500C5D3D1 /* Info.plist */,
				DAAD34511DF2332500C5D3D1 /* Model */,
				DAAD34591DF2332500C5D3D1 /* Resource */,
				DAAD345D1DF2332500C5D3D1 /* View */,
			);
			path = Hyperborea;
			sourceTree = "<group>";
		};
		DAAD34451DF2332500C5D3D1 /* Controller */ = {
			isa = PBXGroup;
			children = (
				DAAD347B1DF235AB00C5D3D1 /* Home */,
				DAAD34461DF2332500C5D3D1 /* Main */,
			);
			path = Controller;
			sourceTree = "<group>";
		};
		DAAD34461DF2332500C5D3D1 /* Main */ = {
			isa = PBXGroup;
			children = (
				DAAD34471DF2332500C5D3D1 /* CAppDelegate.swift */,
				DAAD34481DF2332500C5D3D1 /* CController.swift */,
				DAAD34491DF2332500C5D3D1 /* CParent.swift */,
			);
			path = Main;
			sourceTree = "<group>";
		};
		DAAD344A1DF2332500C5D3D1 /* Extensions */ = {
			isa = PBXGroup;
			children = (
				DAAD344B1DF2332500C5D3D1 /* ExtensionFileManager.swift */,
				DAAD344C1DF2332500C5D3D1 /* ExtensionNotification.swift */,
				DAAD344D1DF2332500C5D3D1 /* ExtensionUICollectionReusableView.swift */,
				DAAD344E1DF2332500C5D3D1 /* ExtensionUIColor.swift */,
				DAAD344F1DF2332500C5D3D1 /* ExtensionUIFont.swift */,
			);
			path = Extensions;
			sourceTree = "<group>";
		};
		DAAD34511DF2332500C5D3D1 /* Model */ = {
			isa = PBXGroup;
			children = (
				DAAD34521DF2332500C5D3D1 /* Main */,
			);
			path = Model;
			sourceTree = "<group>";
		};
		DAAD34521DF2332500C5D3D1 /* Main */ = {
			isa = PBXGroup;
			children = (
				DAAD34531DF2332500C5D3D1 /* MMain.swift */,
				DAAD34541DF2332500C5D3D1 /* MMainItem.swift */,
				DAAD34551DF2332500C5D3D1 /* MMainItemHome.swift */,
				DAAD34561DF2332500C5D3D1 /* MMainState.swift */,
				DAAD34571DF2332500C5D3D1 /* MMainStateOptions.swift */,
				DAAD34581DF2332500C5D3D1 /* MMainStatePushed.swift */,
			);
			path = Main;
			sourceTree = "<group>";
		};
		DAAD34591DF2332500C5D3D1 /* Resource */ = {
			isa = PBXGroup;
			children = (
				DAAD345A1DF2332500C5D3D1 /* Localizable.strings */,
			);
			path = Resource;
			sourceTree = "<group>";
		};
		DAAD345D1DF2332500C5D3D1 /* View */ = {
			isa = PBXGroup;
			children = (
				DAAD345E1DF2332500C5D3D1 /* Main */,
			);
			path = View;
			sourceTree = "<group>";
		};
		DAAD345E1DF2332500C5D3D1 /* Main */ = {
			isa = PBXGroup;
			children = (
				DAAD345F1DF2332500C5D3D1 /* VAlert.swift */,
				DAAD34601DF2332500C5D3D1 /* VBar.swift */,
				DAAD34611DF2332500C5D3D1 /* VBarCell.swift */,
				DAAD34621DF2332500C5D3D1 /* VParent.swift */,
				DAAD34641DF2332500C5D3D1 /* VSpinner.swift */,
			);
			path = Main;
			sourceTree = "<group>";
		};
		DAAD347B1DF235AB00C5D3D1 /* Home */ = {
			isa = PBXGroup;
			children = (
				DAAD347C1DF235BC00C5D3D1 /* CHome.swift */,
			);
			path = Home;
			sourceTree = "<group>";
		};
		DAAD347E1DF23A6C00C5D3D1 /* Assets */ = {
			isa = PBXGroup;
			children = (
				DAAD347F1DF23A6C00C5D3D1 /* LaunchScreen.storyboard */,
			);
			path = Assets;
			sourceTree = "<group>";
		};
/* End PBXGroup section */

/* Begin PBXNativeTarget section */
		DAAD342F1DF22D7500C5D3D1 /* Hyperborea */ = {
			isa = PBXNativeTarget;
			buildConfigurationList = DAAD34421DF22D7500C5D3D1 /* Build configuration list for PBXNativeTarget "Hyperborea" */;
			buildPhases = (
				DAAD342C1DF22D7500C5D3D1 /* Sources */,
				DAAD342D1DF22D7500C5D3D1 /* Frameworks */,
				DAAD342E1DF22D7500C5D3D1 /* Resources */,
			);
			buildRules = (
			);
			dependencies = (
			);
			name = Hyperborea;
			productName = Hyperborea;
			productReference = DAAD34301DF22D7500C5D3D1 /* Hyperborea.app */;
			productType = "com.apple.product-type.application";
		};
/* End PBXNativeTarget section */

/* Begin PBXProject section */
		DAAD34281DF22D7500C5D3D1 /* Project object */ = {
			isa = PBXProject;
			attributes = {
				LastSwiftUpdateCheck = 0810;
				LastUpgradeCheck = 0810;
				ORGANIZATIONNAME = iturbide;
				TargetAttributes = {
					DAAD342F1DF22D7500C5D3D1 = {
						CreatedOnToolsVersion = 8.1;
						DevelopmentTeam = 7AMWG3RLHN;
						ProvisioningStyle = Automatic;
					};
				};
			};
			buildConfigurationList = DAAD342B1DF22D7500C5D3D1 /* Build configuration list for PBXProject "Hyperborea" */;
			compatibilityVersion = "Xcode 3.2";
			developmentRegion = English;
			hasScannedForEncodings = 0;
			knownRegions = (
				en,
				Base,
				es,
			);
			mainGroup = DAAD34271DF22D7500C5D3D1;
			productRefGroup = DAAD34311DF22D7500C5D3D1 /* Products */;
			projectDirPath = "";
			projectRoot = "";
			targets = (
				DAAD342F1DF22D7500C5D3D1 /* Hyperborea */,
			);
		};
/* End PBXProject section */

/* Begin PBXResourcesBuildPhase section */
		DAAD342E1DF22D7500C5D3D1 /* Resources */ = {
			isa = PBXResourcesBuildPhase;
			buildActionMask = 2147483647;
			files = (
				DAAD34801DF23A6C00C5D3D1 /* LaunchScreen.storyboard in Resources */,
				DAAD346D1DF2332500C5D3D1 /* Info.plist in Resources */,
				DAAD34741DF2332500C5D3D1 /* Localizable.strings in Resources */,
			);
			runOnlyForDeploymentPostprocessing = 0;
		};
/* End PBXResourcesBuildPhase section */

/* Begin PBXSourcesBuildPhase section */
		DAAD342C1DF22D7500C5D3D1 /* Sources */ = {
			isa = PBXSourcesBuildPhase;
			buildActionMask = 2147483647;
			files = (
				DAAD34761DF2332500C5D3D1 /* VBar.swift in Sources */,
				DAAD34721DF2332500C5D3D1 /* MMainStateOptions.swift in Sources */,
				DAAD34751DF2332500C5D3D1 /* VAlert.swift in Sources */,
				DAAD34731DF2332500C5D3D1 /* MMainStatePushed.swift in Sources */,
				DAAD34691DF2332500C5D3D1 /* ExtensionNotification.swift in Sources */,
				DAAD347A1DF2332500C5D3D1 /* VSpinner.swift in Sources */,
				DAAD34651DF2332500C5D3D1 /* CAppDelegate.swift in Sources */,
				DAAD34781DF2332500C5D3D1 /* VParent.swift in Sources */,
				DAAD346E1DF2332500C5D3D1 /* MMain.swift in Sources */,
				DAAD346C1DF2332500C5D3D1 /* ExtensionUIFont.swift in Sources */,
				DAAD34701DF2332500C5D3D1 /* MMainItemHome.swift in Sources */,
				DAAD347D1DF235BC00C5D3D1 /* CHome.swift in Sources */,
				DAAD34771DF2332500C5D3D1 /* VBarCell.swift in Sources */,
				DAAD34681DF2332500C5D3D1 /* ExtensionFileManager.swift in Sources */,
				DAAD346F1DF2332500C5D3D1 /* MMainItem.swift in Sources */,
				DAAD34661DF2332500C5D3D1 /* CController.swift in Sources */,
				DAAD34671DF2332500C5D3D1 /* CParent.swift in Sources */,
				DAAD346B1DF2332500C5D3D1 /* ExtensionUIColor.swift in Sources */,
				DAAD34711DF2332500C5D3D1 /* MMainState.swift in Sources */,
				DAAD346A1DF2332500C5D3D1 /* ExtensionUICollectionReusableView.swift in Sources */,
			);
			runOnlyForDeploymentPostprocessing = 0;
		};
/* End PBXSourcesBuildPhase section */

/* Begin PBXVariantGroup section */
		DAAD345A1DF2332500C5D3D1 /* Localizable.strings */ = {
			isa = PBXVariantGroup;
			children = (
				DAAD345B1DF2332500C5D3D1 /* en */,
				DAAD345C1DF2332500C5D3D1 /* es */,
			);
			name = Localizable.strings;
			sourceTree = "<group>";
		};
/* End PBXVariantGroup section */

/* Begin XCBuildConfiguration section */
		DAAD34401DF22D7500C5D3D1 /* Debug */ = {
			isa = XCBuildConfiguration;
			buildSettings = {
				ALWAYS_SEARCH_USER_PATHS = NO;
				CLANG_ANALYZER_NONNULL = YES;
				CLANG_CXX_LANGUAGE_STANDARD = "gnu++0x";
				CLANG_CXX_LIBRARY = "libc++";
				CLANG_ENABLE_MODULES = YES;
				CLANG_ENABLE_OBJC_ARC = YES;
				CLANG_WARN_BOOL_CONVERSION = YES;
				CLANG_WARN_CONSTANT_CONVERSION = YES;
				CLANG_WARN_DIRECT_OBJC_ISA_USAGE = YES_ERROR;
				CLANG_WARN_DOCUMENTATION_COMMENTS = YES;
				CLANG_WARN_EMPTY_BODY = YES;
				CLANG_WARN_ENUM_CONVERSION = YES;
				CLANG_WARN_INFINITE_RECURSION = YES;
				CLANG_WARN_INT_CONVERSION = YES;
				CLANG_WARN_OBJC_ROOT_CLASS = YES_ERROR;
				CLANG_WARN_SUSPICIOUS_MOVES = YES;
				CLANG_WARN_UNREACHABLE_CODE = YES;
				CLANG_WARN__DUPLICATE_METHOD_MATCH = YES;
				"CODE_SIGN_IDENTITY[sdk=iphoneos*]" = "iPhone Developer";
				COPY_PHASE_STRIP = NO;
				DEBUG_INFORMATION_FORMAT = dwarf;
				ENABLE_STRICT_OBJC_MSGSEND = YES;
				ENABLE_TESTABILITY = YES;
				GCC_C_LANGUAGE_STANDARD = gnu99;
				GCC_DYNAMIC_NO_PIC = NO;
				GCC_NO_COMMON_BLOCKS = YES;
				GCC_OPTIMIZATION_LEVEL = 0;
				GCC_PREPROCESSOR_DEFINITIONS = (
					"DEBUG=1",
					"$(inherited)",
				);
				GCC_WARN_64_TO_32_BIT_CONVERSION = YES;
				GCC_WARN_ABOUT_RETURN_TYPE = YES_ERROR;
				GCC_WARN_UNDECLARED_SELECTOR = YES;
				GCC_WARN_UNINITIALIZED_AUTOS = YES_AGGRESSIVE;
				GCC_WARN_UNUSED_FUNCTION = YES;
				GCC_WARN_UNUSED_VARIABLE = YES;
				IPHONEOS_DEPLOYMENT_TARGET = 10.1;
				MTL_ENABLE_DEBUG_INFO = YES;
				ONLY_ACTIVE_ARCH = YES;
				SDKROOT = iphoneos;
				SWIFT_ACTIVE_COMPILATION_CONDITIONS = DEBUG;
				SWIFT_OPTIMIZATION_LEVEL = "-Onone";
				TARGETED_DEVICE_FAMILY = "1,2";
			};
			name = Debug;
		};
		DAAD34411DF22D7500C5D3D1 /* Release */ = {
			isa = XCBuildConfiguration;
			buildSettings = {
				ALWAYS_SEARCH_USER_PATHS = NO;
				CLANG_ANALYZER_NONNULL = YES;
				CLANG_CXX_LANGUAGE_STANDARD = "gnu++0x";
				CLANG_CXX_LIBRARY = "libc++";
				CLANG_ENABLE_MODULES = YES;
				CLANG_ENABLE_OBJC_ARC = YES;
				CLANG_WARN_BOOL_CONVERSION = YES;
				CLANG_WARN_CONSTANT_CONVERSION = YES;
				CLANG_WARN_DIRECT_OBJC_ISA_USAGE = YES_ERROR;
				CLANG_WARN_DOCUMENTATION_COMMENTS = YES;
				CLANG_WARN_EMPTY_BODY = YES;
				CLANG_WARN_ENUM_CONVERSION = YES;
				CLANG_WARN_INFINITE_RECURSION = YES;
				CLANG_WARN_INT_CONVERSION = YES;
				CLANG_WARN_OBJC_ROOT_CLASS = YES_ERROR;
				CLANG_WARN_SUSPICIOUS_MOVES = YES;
				CLANG_WARN_UNREACHABLE_CODE = YES;
				CLANG_WARN__DUPLICATE_METHOD_MATCH = YES;
				"CODE_SIGN_IDENTITY[sdk=iphoneos*]" = "iPhone Developer";
				COPY_PHASE_STRIP = NO;
				DEBUG_INFORMATION_FORMAT = "dwarf-with-dsym";
				ENABLE_NS_ASSERTIONS = NO;
				ENABLE_STRICT_OBJC_MSGSEND = YES;
				GCC_C_LANGUAGE_STANDARD = gnu99;
				GCC_NO_COMMON_BLOCKS = YES;
				GCC_WARN_64_TO_32_BIT_CONVERSION = YES;
				GCC_WARN_ABOUT_RETURN_TYPE = YES_ERROR;
				GCC_WARN_UNDECLARED_SELECTOR = YES;
				GCC_WARN_UNINITIALIZED_AUTOS = YES_AGGRESSIVE;
				GCC_WARN_UNUSED_FUNCTION = YES;
				GCC_WARN_UNUSED_VARIABLE = YES;
				IPHONEOS_DEPLOYMENT_TARGET = 10.1;
				MTL_ENABLE_DEBUG_INFO = NO;
				SDKROOT = iphoneos;
				SWIFT_OPTIMIZATION_LEVEL = "-Owholemodule";
				TARGETED_DEVICE_FAMILY = "1,2";
				VALIDATE_PRODUCT = YES;
			};
			name = Release;
		};
		DAAD34431DF22D7500C5D3D1 /* Debug */ = {
			isa = XCBuildConfiguration;
			buildSettings = {
				DEVELOPMENT_TEAM = 7AMWG3RLHN;
				INFOPLIST_FILE = Hyperborea/Info.plist;
				IPHONEOS_DEPLOYMENT_TARGET = 9.0;
				LD_RUNPATH_SEARCH_PATHS = "$(inherited) @executable_path/Frameworks";
				PRODUCT_BUNDLE_IDENTIFIER = iturbide.Hyperborea;
				PRODUCT_NAME = "$(TARGET_NAME)";
				SWIFT_VERSION = 3.0;
				TARGETED_DEVICE_FAMILY = "1,2";
			};
			name = Debug;
		};
		DAAD34441DF22D7500C5D3D1 /* Release */ = {
			isa = XCBuildConfiguration;
			buildSettings = {
				DEVELOPMENT_TEAM = 7AMWG3RLHN;
				INFOPLIST_FILE = Hyperborea/Info.plist;
				IPHONEOS_DEPLOYMENT_TARGET = 9.0;
				LD_RUNPATH_SEARCH_PATHS = "$(inherited) @executable_path/Frameworks";
				PRODUCT_BUNDLE_IDENTIFIER = iturbide.Hyperborea;
				PRODUCT_NAME = "$(TARGET_NAME)";
				SWIFT_VERSION = 3.0;
				TARGETED_DEVICE_FAMILY = "1,2";
			};
			name = Release;
		};
/* End XCBuildConfiguration section */

/* Begin XCConfigurationList section */
		DAAD342B1DF22D7500C5D3D1 /* Build configuration list for PBXProject "Hyperborea" */ = {
			isa = XCConfigurationList;
			buildConfigurations = (
				DAAD34401DF22D7500C5D3D1 /* Debug */,
				DAAD34411DF22D7500C5D3D1 /* Release */,
			);
			defaultConfigurationIsVisible = 0;
			defaultConfigurationName = Release;
		};
		DAAD34421DF22D7500C5D3D1 /* Build configuration list for PBXNativeTarget "Hyperborea" */ = {
			isa = XCConfigurationList;
			buildConfigurations = (
				DAAD34431DF22D7500C5D3D1 /* Debug */,
				DAAD34441DF22D7500C5D3D1 /* Release */,
			);
			defaultConfigurationIsVisible = 0;
			defaultConfigurationName = Release;
		};
/* End XCConfigurationList section */
	};
	rootObject = DAAD34281DF22D7500C5D3D1 /* Project object */;
}
