// !$*UTF8*$!
{
	archiveVersion = 1;
	classes = {
	};
	objectVersion = 46;
	objects = {

/* Begin PBXBuildFile section */
		DA1F6FC01E8AEF1C00484942 /* LaunchScreen.storyboard in Resources */ = {isa = PBXBuildFile; fileRef = DA1F6F971E8AEF1C00484942 /* LaunchScreen.storyboard */; };
		DA1F6FC11E8AEF1C00484942 /* CAppDelegate.swift in Sources */ = {isa = PBXBuildFile; fileRef = DA1F6F9A1E8AEF1C00484942 /* CAppDelegate.swift */; };
		DA1F6FC21E8AEF1C00484942 /* CController.swift in Sources */ = {isa = PBXBuildFile; fileRef = DA1F6F9B1E8AEF1C00484942 /* CController.swift */; };
		DA1F6FC31E8AEF1C00484942 /* CParent.swift in Sources */ = {isa = PBXBuildFile; fileRef = DA1F6F9C1E8AEF1C00484942 /* CParent.swift */; };
		DA1F6FC41E8AEF1C00484942 /* DManager.swift in Sources */ = {isa = PBXBuildFile; fileRef = DA1F6F9E1E8AEF1C00484942 /* DManager.swift */; };
		DA1F6FC51E8AEF1C00484942 /* ExtensionFileManager.swift in Sources */ = {isa = PBXBuildFile; fileRef = DA1F6FA01E8AEF1C00484942 /* ExtensionFileManager.swift */; };
		DA1F6FC61E8AEF1C00484942 /* ExtensionNotification.swift in Sources */ = {isa = PBXBuildFile; fileRef = DA1F6FA11E8AEF1C00484942 /* ExtensionNotification.swift */; };
		DA1F6FC71E8AEF1C00484942 /* ExtensionNSLayoutConstraint.swift in Sources */ = {isa = PBXBuildFile; fileRef = DA1F6FA21E8AEF1C00484942 /* ExtensionNSLayoutConstraint.swift */; };
		DA1F6FC81E8AEF1C00484942 /* ExtensionNSManagedObject.swift in Sources */ = {isa = PBXBuildFile; fileRef = DA1F6FA31E8AEF1C00484942 /* ExtensionNSManagedObject.swift */; };
		DA1F6FC91E8AEF1C00484942 /* ExtensionUICollectionReusableView.swift in Sources */ = {isa = PBXBuildFile; fileRef = DA1F6FA41E8AEF1C00484942 /* ExtensionUICollectionReusableView.swift */; };
		DA1F6FCA1E8AEF1C00484942 /* ExtensionUIColor.swift in Sources */ = {isa = PBXBuildFile; fileRef = DA1F6FA51E8AEF1C00484942 /* ExtensionUIColor.swift */; };
		DA1F6FCB1E8AEF1C00484942 /* ExtensionUIFont.swift in Sources */ = {isa = PBXBuildFile; fileRef = DA1F6FA61E8AEF1C00484942 /* ExtensionUIFont.swift */; };
		DA1F6FCC1E8AEF1C00484942 /* ExtensionURL.swift in Sources */ = {isa = PBXBuildFile; fileRef = DA1F6FA71E8AEF1C00484942 /* ExtensionURL.swift */; };
		DA1F6FCD1E8AEF1C00484942 /* MSession.swift in Sources */ = {isa = PBXBuildFile; fileRef = DA1F6FAA1E8AEF1C00484942 /* MSession.swift */; };
		DA1F6FCE1E8AEF1C00484942 /* Localizable.strings in Resources */ = {isa = PBXBuildFile; fileRef = DA1F6FAC1E8AEF1C00484942 /* Localizable.strings */; };
		DA1F6FCF1E8AEF1C00484942 /* ResourceFont.plist in Resources */ = {isa = PBXBuildFile; fileRef = DA1F6FAE1E8AEF1C00484942 /* ResourceFont.plist */; };
		DA1F6FD01E8AEF1C00484942 /* ResourceUrl.plist in Resources */ = {isa = PBXBuildFile; fileRef = DA1F6FAF1E8AEF1C00484942 /* ResourceUrl.plist */; };
		DA1F6FD11E8AEF1C00484942 /* VParent.swift in Sources */ = {isa = PBXBuildFile; fileRef = DA1F6FB31E8AEF1C00484942 /* VParent.swift */; };
		DA1F6FD41E8AEF1C00484942 /* VParentPushBackground.swift in Sources */ = {isa = PBXBuildFile; fileRef = DA1F6FB61E8AEF1C00484942 /* VParentPushBackground.swift */; };
		DA1F6FD51E8AEF1C00484942 /* VAlert.swift in Sources */ = {isa = PBXBuildFile; fileRef = DA1F6FB81E8AEF1C00484942 /* VAlert.swift */; };
		DA1F6FD61E8AEF1C00484942 /* VBlur.swift in Sources */ = {isa = PBXBuildFile; fileRef = DA1F6FB91E8AEF1C00484942 /* VBlur.swift */; };
		DA1F6FD71E8AEF1C00484942 /* VBorder.swift in Sources */ = {isa = PBXBuildFile; fileRef = DA1F6FBA1E8AEF1C00484942 /* VBorder.swift */; };
		DA1F6FD81E8AEF1C00484942 /* VCollection.swift in Sources */ = {isa = PBXBuildFile; fileRef = DA1F6FBB1E8AEF1C00484942 /* VCollection.swift */; };
		DA1F6FD91E8AEF1C00484942 /* VCollectionFlow.swift in Sources */ = {isa = PBXBuildFile; fileRef = DA1F6FBC1E8AEF1C00484942 /* VCollectionFlow.swift */; };
		DA1F6FDA1E8AEF1C00484942 /* VSpinner.swift in Sources */ = {isa = PBXBuildFile; fileRef = DA1F6FBD1E8AEF1C00484942 /* VSpinner.swift */; };
		DA1F6FDB1E8AEF1C00484942 /* VToast.swift in Sources */ = {isa = PBXBuildFile; fileRef = DA1F6FBE1E8AEF1C00484942 /* VToast.swift */; };
		DA1F6FDC1E8AEF1C00484942 /* VView.swift in Sources */ = {isa = PBXBuildFile; fileRef = DA1F6FBF1E8AEF1C00484942 /* VView.swift */; };
		DA1F6FDF1E8AF50D00484942 /* CSearch.swift in Sources */ = {isa = PBXBuildFile; fileRef = DA1F6FDE1E8AF50D00484942 /* CSearch.swift */; };
/* End PBXBuildFile section */

/* Begin PBXFileReference section */
		DA1F6F971E8AEF1C00484942 /* LaunchScreen.storyboard */ = {isa = PBXFileReference; fileEncoding = 4; lastKnownFileType = file.storyboard; path = LaunchScreen.storyboard; sourceTree = "<group>"; };
		DA1F6F9A1E8AEF1C00484942 /* CAppDelegate.swift */ = {isa = PBXFileReference; fileEncoding = 4; lastKnownFileType = sourcecode.swift; path = CAppDelegate.swift; sourceTree = "<group>"; };
		DA1F6F9B1E8AEF1C00484942 /* CController.swift */ = {isa = PBXFileReference; fileEncoding = 4; lastKnownFileType = sourcecode.swift; path = CController.swift; sourceTree = "<group>"; };
		DA1F6F9C1E8AEF1C00484942 /* CParent.swift */ = {isa = PBXFileReference; fileEncoding = 4; lastKnownFileType = sourcecode.swift; path = CParent.swift; sourceTree = "<group>"; };
		DA1F6F9E1E8AEF1C00484942 /* DManager.swift */ = {isa = PBXFileReference; fileEncoding = 4; lastKnownFileType = sourcecode.swift; path = DManager.swift; sourceTree = "<group>"; };
		DA1F6FA01E8AEF1C00484942 /* ExtensionFileManager.swift */ = {isa = PBXFileReference; fileEncoding = 4; lastKnownFileType = sourcecode.swift; path = ExtensionFileManager.swift; sourceTree = "<group>"; };
		DA1F6FA11E8AEF1C00484942 /* ExtensionNotification.swift */ = {isa = PBXFileReference; fileEncoding = 4; lastKnownFileType = sourcecode.swift; path = ExtensionNotification.swift; sourceTree = "<group>"; };
		DA1F6FA21E8AEF1C00484942 /* ExtensionNSLayoutConstraint.swift */ = {isa = PBXFileReference; fileEncoding = 4; lastKnownFileType = sourcecode.swift; path = ExtensionNSLayoutConstraint.swift; sourceTree = "<group>"; };
		DA1F6FA31E8AEF1C00484942 /* ExtensionNSManagedObject.swift */ = {isa = PBXFileReference; fileEncoding = 4; lastKnownFileType = sourcecode.swift; path = ExtensionNSManagedObject.swift; sourceTree = "<group>"; };
		DA1F6FA41E8AEF1C00484942 /* ExtensionUICollectionReusableView.swift */ = {isa = PBXFileReference; fileEncoding = 4; lastKnownFileType = sourcecode.swift; path = ExtensionUICollectionReusableView.swift; sourceTree = "<group>"; };
		DA1F6FA51E8AEF1C00484942 /* ExtensionUIColor.swift */ = {isa = PBXFileReference; fileEncoding = 4; lastKnownFileType = sourcecode.swift; path = ExtensionUIColor.swift; sourceTree = "<group>"; };
		DA1F6FA61E8AEF1C00484942 /* ExtensionUIFont.swift */ = {isa = PBXFileReference; fileEncoding = 4; lastKnownFileType = sourcecode.swift; path = ExtensionUIFont.swift; sourceTree = "<group>"; };
		DA1F6FA71E8AEF1C00484942 /* ExtensionURL.swift */ = {isa = PBXFileReference; fileEncoding = 4; lastKnownFileType = sourcecode.swift; path = ExtensionURL.swift; sourceTree = "<group>"; };
		DA1F6FAA1E8AEF1C00484942 /* MSession.swift */ = {isa = PBXFileReference; fileEncoding = 4; lastKnownFileType = sourcecode.swift; path = MSession.swift; sourceTree = "<group>"; };
		DA1F6FAD1E8AEF1C00484942 /* en */ = {isa = PBXFileReference; lastKnownFileType = text.plist.strings; name = en; path = en.lproj/Localizable.strings; sourceTree = "<group>"; };
		DA1F6FAE1E8AEF1C00484942 /* ResourceFont.plist */ = {isa = PBXFileReference; fileEncoding = 4; lastKnownFileType = text.plist.xml; path = ResourceFont.plist; sourceTree = "<group>"; };
		DA1F6FAF1E8AEF1C00484942 /* ResourceUrl.plist */ = {isa = PBXFileReference; fileEncoding = 4; lastKnownFileType = text.plist.xml; path = ResourceUrl.plist; sourceTree = "<group>"; };
		DA1F6FB31E8AEF1C00484942 /* VParent.swift */ = {isa = PBXFileReference; fileEncoding = 4; lastKnownFileType = sourcecode.swift; path = VParent.swift; sourceTree = "<group>"; };
		DA1F6FB61E8AEF1C00484942 /* VParentPushBackground.swift */ = {isa = PBXFileReference; fileEncoding = 4; lastKnownFileType = sourcecode.swift; path = VParentPushBackground.swift; sourceTree = "<group>"; };
		DA1F6FB81E8AEF1C00484942 /* VAlert.swift */ = {isa = PBXFileReference; fileEncoding = 4; lastKnownFileType = sourcecode.swift; path = VAlert.swift; sourceTree = "<group>"; };
		DA1F6FB91E8AEF1C00484942 /* VBlur.swift */ = {isa = PBXFileReference; fileEncoding = 4; lastKnownFileType = sourcecode.swift; path = VBlur.swift; sourceTree = "<group>"; };
		DA1F6FBA1E8AEF1C00484942 /* VBorder.swift */ = {isa = PBXFileReference; fileEncoding = 4; lastKnownFileType = sourcecode.swift; path = VBorder.swift; sourceTree = "<group>"; };
		DA1F6FBB1E8AEF1C00484942 /* VCollection.swift */ = {isa = PBXFileReference; fileEncoding = 4; lastKnownFileType = sourcecode.swift; path = VCollection.swift; sourceTree = "<group>"; };
		DA1F6FBC1E8AEF1C00484942 /* VCollectionFlow.swift */ = {isa = PBXFileReference; fileEncoding = 4; lastKnownFileType = sourcecode.swift; path = VCollectionFlow.swift; sourceTree = "<group>"; };
		DA1F6FBD1E8AEF1C00484942 /* VSpinner.swift */ = {isa = PBXFileReference; fileEncoding = 4; lastKnownFileType = sourcecode.swift; path = VSpinner.swift; sourceTree = "<group>"; };
		DA1F6FBE1E8AEF1C00484942 /* VToast.swift */ = {isa = PBXFileReference; fileEncoding = 4; lastKnownFileType = sourcecode.swift; path = VToast.swift; sourceTree = "<group>"; };
		DA1F6FBF1E8AEF1C00484942 /* VView.swift */ = {isa = PBXFileReference; fileEncoding = 4; lastKnownFileType = sourcecode.swift; path = VView.swift; sourceTree = "<group>"; };
		DA1F6FDE1E8AF50D00484942 /* CSearch.swift */ = {isa = PBXFileReference; fileEncoding = 4; lastKnownFileType = sourcecode.swift; path = CSearch.swift; sourceTree = "<group>"; };
		DA8AD6BF1E8AE8D30072560C /* Hyperborea.app */ = {isa = PBXFileReference; explicitFileType = wrapper.application; includeInIndex = 0; path = Hyperborea.app; sourceTree = BUILT_PRODUCTS_DIR; };
		DA8AD6CE1E8AE8D30072560C /* Info.plist */ = {isa = PBXFileReference; lastKnownFileType = text.plist.xml; path = Info.plist; sourceTree = "<group>"; };
/* End PBXFileReference section */

/* Begin PBXFrameworksBuildPhase section */
		DA8AD6BC1E8AE8D30072560C /* Frameworks */ = {
			isa = PBXFrameworksBuildPhase;
			buildActionMask = 2147483647;
			files = (
			);
			runOnlyForDeploymentPostprocessing = 0;
		};
/* End PBXFrameworksBuildPhase section */

/* Begin PBXGroup section */
		DA1F6F961E8AEF1C00484942 /* Assets */ = {
			isa = PBXGroup;
			children = (
				DA1F6F971E8AEF1C00484942 /* LaunchScreen.storyboard */,
			);
			path = Assets;
			sourceTree = "<group>";
		};
		DA1F6F981E8AEF1C00484942 /* Controller */ = {
			isa = PBXGroup;
			children = (
				DA1F6FDD1E8AF50600484942 /* Search */,
				DA1F6F991E8AEF1C00484942 /* Main */,
			);
			path = Controller;
			sourceTree = "<group>";
		};
		DA1F6F991E8AEF1C00484942 /* Main */ = {
			isa = PBXGroup;
			children = (
				DA1F6F9A1E8AEF1C00484942 /* CAppDelegate.swift */,
				DA1F6F9B1E8AEF1C00484942 /* CController.swift */,
				DA1F6F9C1E8AEF1C00484942 /* CParent.swift */,
			);
			path = Main;
			sourceTree = "<group>";
		};
		DA1F6F9D1E8AEF1C00484942 /* Data */ = {
			isa = PBXGroup;
			children = (
				DA1F6F9E1E8AEF1C00484942 /* DManager.swift */,
			);
			path = Data;
			sourceTree = "<group>";
		};
		DA1F6F9F1E8AEF1C00484942 /* Extensions */ = {
			isa = PBXGroup;
			children = (
				DA1F6FA01E8AEF1C00484942 /* ExtensionFileManager.swift */,
				DA1F6FA11E8AEF1C00484942 /* ExtensionNotification.swift */,
				DA1F6FA21E8AEF1C00484942 /* ExtensionNSLayoutConstraint.swift */,
				DA1F6FA31E8AEF1C00484942 /* ExtensionNSManagedObject.swift */,
				DA1F6FA41E8AEF1C00484942 /* ExtensionUICollectionReusableView.swift */,
				DA1F6FA51E8AEF1C00484942 /* ExtensionUIColor.swift */,
				DA1F6FA61E8AEF1C00484942 /* ExtensionUIFont.swift */,
				DA1F6FA71E8AEF1C00484942 /* ExtensionURL.swift */,
			);
			path = Extensions;
			sourceTree = "<group>";
		};
		DA1F6FA81E8AEF1C00484942 /* Model */ = {
			isa = PBXGroup;
			children = (
				DA1F6FA91E8AEF1C00484942 /* Session */,
			);
			path = Model;
			sourceTree = "<group>";
		};
		DA1F6FA91E8AEF1C00484942 /* Session */ = {
			isa = PBXGroup;
			children = (
				DA1F6FAA1E8AEF1C00484942 /* MSession.swift */,
			);
			path = Session;
			sourceTree = "<group>";
		};
		DA1F6FAB1E8AEF1C00484942 /* Resource */ = {
			isa = PBXGroup;
			children = (
				DA1F6FAC1E8AEF1C00484942 /* Localizable.strings */,
				DA1F6FAE1E8AEF1C00484942 /* ResourceFont.plist */,
				DA1F6FAF1E8AEF1C00484942 /* ResourceUrl.plist */,
			);
			path = Resource;
			sourceTree = "<group>";
		};
		DA1F6FB01E8AEF1C00484942 /* View */ = {
			isa = PBXGroup;
			children = (
				DA1F6FB11E8AEF1C00484942 /* Main */,
			);
			path = View;
			sourceTree = "<group>";
		};
		DA1F6FB11E8AEF1C00484942 /* Main */ = {
			isa = PBXGroup;
			children = (
				DA1F6FB21E8AEF1C00484942 /* Parent */,
				DA1F6FB71E8AEF1C00484942 /* Subclasses */,
			);
			path = Main;
			sourceTree = "<group>";
		};
		DA1F6FB21E8AEF1C00484942 /* Parent */ = {
			isa = PBXGroup;
			children = (
				DA1F6FB31E8AEF1C00484942 /* VParent.swift */,
				DA1F6FB61E8AEF1C00484942 /* VParentPushBackground.swift */,
			);
			path = Parent;
			sourceTree = "<group>";
		};
		DA1F6FB71E8AEF1C00484942 /* Subclasses */ = {
			isa = PBXGroup;
			children = (
				DA1F6FB81E8AEF1C00484942 /* VAlert.swift */,
				DA1F6FB91E8AEF1C00484942 /* VBlur.swift */,
				DA1F6FBA1E8AEF1C00484942 /* VBorder.swift */,
				DA1F6FBB1E8AEF1C00484942 /* VCollection.swift */,
				DA1F6FBC1E8AEF1C00484942 /* VCollectionFlow.swift */,
				DA1F6FBD1E8AEF1C00484942 /* VSpinner.swift */,
				DA1F6FBE1E8AEF1C00484942 /* VToast.swift */,
				DA1F6FBF1E8AEF1C00484942 /* VView.swift */,
			);
			path = Subclasses;
			sourceTree = "<group>";
		};
		DA1F6FDD1E8AF50600484942 /* Search */ = {
			isa = PBXGroup;
			children = (
				DA1F6FDE1E8AF50D00484942 /* CSearch.swift */,
			);
			path = Search;
			sourceTree = "<group>";
		};
		DA8AD6B61E8AE8D30072560C = {
			isa = PBXGroup;
			children = (
				DA8AD6C11E8AE8D30072560C /* Hyperborea */,
				DA8AD6C01E8AE8D30072560C /* Products */,
			);
			sourceTree = "<group>";
		};
		DA8AD6C01E8AE8D30072560C /* Products */ = {
			isa = PBXGroup;
			children = (
				DA8AD6BF1E8AE8D30072560C /* Hyperborea.app */,
			);
			name = Products;
			sourceTree = "<group>";
		};
		DA8AD6C11E8AE8D30072560C /* Hyperborea */ = {
			isa = PBXGroup;
			children = (
				DA1F6F961E8AEF1C00484942 /* Assets */,
				DA1F6F981E8AEF1C00484942 /* Controller */,
				DA1F6F9D1E8AEF1C00484942 /* Data */,
				DA1F6F9F1E8AEF1C00484942 /* Extensions */,
				DA1F6FA81E8AEF1C00484942 /* Model */,
				DA1F6FAB1E8AEF1C00484942 /* Resource */,
				DA1F6FB01E8AEF1C00484942 /* View */,
				DA8AD6CE1E8AE8D30072560C /* Info.plist */,
			);
			path = Hyperborea;
			sourceTree = "<group>";
		};
/* End PBXGroup section */

/* Begin PBXNativeTarget section */
		DA8AD6BE1E8AE8D30072560C /* Hyperborea */ = {
			isa = PBXNativeTarget;
			buildConfigurationList = DA8AD6D11E8AE8D30072560C /* Build configuration list for PBXNativeTarget "Hyperborea" */;
			buildPhases = (
				DA8AD6BB1E8AE8D30072560C /* Sources */,
				DA8AD6BC1E8AE8D30072560C /* Frameworks */,
				DA8AD6BD1E8AE8D30072560C /* Resources */,
			);
			buildRules = (
			);
			dependencies = (
			);
			name = Hyperborea;
			productName = Hyperborea;
			productReference = DA8AD6BF1E8AE8D30072560C /* Hyperborea.app */;
			productType = "com.apple.product-type.application";
		};
/* End PBXNativeTarget section */

/* Begin PBXProject section */
		DA8AD6B71E8AE8D30072560C /* Project object */ = {
			isa = PBXProject;
			attributes = {
				LastSwiftUpdateCheck = 0820;
				LastUpgradeCheck = 0820;
				ORGANIZATIONNAME = iturbide;
				TargetAttributes = {
					DA8AD6BE1E8AE8D30072560C = {
						CreatedOnToolsVersion = 8.2.1;
						DevelopmentTeam = 7AMWG3RLHN;
						ProvisioningStyle = Automatic;
					};
				};
			};
			buildConfigurationList = DA8AD6BA1E8AE8D30072560C /* Build configuration list for PBXProject "Hyperborea" */;
			compatibilityVersion = "Xcode 3.2";
			developmentRegion = English;
			hasScannedForEncodings = 0;
			knownRegions = (
				en,
			);
			mainGroup = DA8AD6B61E8AE8D30072560C;
			productRefGroup = DA8AD6C01E8AE8D30072560C /* Products */;
			projectDirPath = "";
			projectRoot = "";
			targets = (
				DA8AD6BE1E8AE8D30072560C /* Hyperborea */,
			);
		};
/* End PBXProject section */

/* Begin PBXResourcesBuildPhase section */
		DA8AD6BD1E8AE8D30072560C /* Resources */ = {
			isa = PBXResourcesBuildPhase;
			buildActionMask = 2147483647;
			files = (
				DA1F6FC01E8AEF1C00484942 /* LaunchScreen.storyboard in Resources */,
				DA1F6FCE1E8AEF1C00484942 /* Localizable.strings in Resources */,
				DA1F6FD01E8AEF1C00484942 /* ResourceUrl.plist in Resources */,
				DA1F6FCF1E8AEF1C00484942 /* ResourceFont.plist in Resources */,
			);
			runOnlyForDeploymentPostprocessing = 0;
		};
/* End PBXResourcesBuildPhase section */

/* Begin PBXSourcesBuildPhase section */
		DA8AD6BB1E8AE8D30072560C /* Sources */ = {
			isa = PBXSourcesBuildPhase;
			buildActionMask = 2147483647;
			files = (
				DA1F6FC51E8AEF1C00484942 /* ExtensionFileManager.swift in Sources */,
				DA1F6FCC1E8AEF1C00484942 /* ExtensionURL.swift in Sources */,
				DA1F6FD11E8AEF1C00484942 /* VParent.swift in Sources */,
				DA1F6FD71E8AEF1C00484942 /* VBorder.swift in Sources */,
				DA1F6FD81E8AEF1C00484942 /* VCollection.swift in Sources */,
				DA1F6FC41E8AEF1C00484942 /* DManager.swift in Sources */,
				DA1F6FD41E8AEF1C00484942 /* VParentPushBackground.swift in Sources */,
				DA1F6FDB1E8AEF1C00484942 /* VToast.swift in Sources */,
				DA1F6FD91E8AEF1C00484942 /* VCollectionFlow.swift in Sources */,
				DA1F6FC61E8AEF1C00484942 /* ExtensionNotification.swift in Sources */,
				DA1F6FD51E8AEF1C00484942 /* VAlert.swift in Sources */,
				DA1F6FCA1E8AEF1C00484942 /* ExtensionUIColor.swift in Sources */,
				DA1F6FCB1E8AEF1C00484942 /* ExtensionUIFont.swift in Sources */,
				DA1F6FC81E8AEF1C00484942 /* ExtensionNSManagedObject.swift in Sources */,
				DA1F6FDC1E8AEF1C00484942 /* VView.swift in Sources */,
				DA1F6FC11E8AEF1C00484942 /* CAppDelegate.swift in Sources */,
				DA1F6FC91E8AEF1C00484942 /* ExtensionUICollectionReusableView.swift in Sources */,
				DA1F6FDF1E8AF50D00484942 /* CSearch.swift in Sources */,
				DA1F6FD61E8AEF1C00484942 /* VBlur.swift in Sources */,
				DA1F6FCD1E8AEF1C00484942 /* MSession.swift in Sources */,
				DA1F6FDA1E8AEF1C00484942 /* VSpinner.swift in Sources */,
				DA1F6FC21E8AEF1C00484942 /* CController.swift in Sources */,
				DA1F6FC31E8AEF1C00484942 /* CParent.swift in Sources */,
				DA1F6FC71E8AEF1C00484942 /* ExtensionNSLayoutConstraint.swift in Sources */,
			);
			runOnlyForDeploymentPostprocessing = 0;
		};
/* End PBXSourcesBuildPhase section */

/* Begin PBXVariantGroup section */
		DA1F6FAC1E8AEF1C00484942 /* Localizable.strings */ = {
			isa = PBXVariantGroup;
			children = (
				DA1F6FAD1E8AEF1C00484942 /* en */,
			);
			name = Localizable.strings;
			sourceTree = "<group>";
		};
/* End PBXVariantGroup section */

/* Begin XCBuildConfiguration section */
		DA8AD6CF1E8AE8D30072560C /* Debug */ = {
			isa = XCBuildConfiguration;
			buildSettings = {
				ALWAYS_SEARCH_USER_PATHS = NO;
				CLANG_ANALYZER_NONNULL = YES;
				CLANG_CXX_LANGUAGE_STANDARD = "gnu++0x";
				CLANG_CXX_LIBRARY = "libc++";
				CLANG_ENABLE_MODULES = YES;
				CLANG_ENABLE_OBJC_ARC = YES;
				CLANG_WARN_BOOL_CONVERSION = YES;
				CLANG_WARN_CONSTANT_CONVERSION = YES;
				CLANG_WARN_DIRECT_OBJC_ISA_USAGE = YES_ERROR;
				CLANG_WARN_DOCUMENTATION_COMMENTS = YES;
				CLANG_WARN_EMPTY_BODY = YES;
				CLANG_WARN_ENUM_CONVERSION = YES;
				CLANG_WARN_INFINITE_RECURSION = YES;
				CLANG_WARN_INT_CONVERSION = YES;
				CLANG_WARN_OBJC_ROOT_CLASS = YES_ERROR;
				CLANG_WARN_SUSPICIOUS_MOVE = YES;
				CLANG_WARN_UNREACHABLE_CODE = YES;
				CLANG_WARN__DUPLICATE_METHOD_MATCH = YES;
				"CODE_SIGN_IDENTITY[sdk=iphoneos*]" = "iPhone Developer";
				COPY_PHASE_STRIP = NO;
				DEBUG_INFORMATION_FORMAT = dwarf;
				ENABLE_STRICT_OBJC_MSGSEND = YES;
				ENABLE_TESTABILITY = YES;
				GCC_C_LANGUAGE_STANDARD = gnu99;
				GCC_DYNAMIC_NO_PIC = NO;
				GCC_NO_COMMON_BLOCKS = YES;
				GCC_OPTIMIZATION_LEVEL = 0;
				GCC_PREPROCESSOR_DEFINITIONS = (
					"DEBUG=1",
					"$(inherited)",
				);
				GCC_WARN_64_TO_32_BIT_CONVERSION = YES;
				GCC_WARN_ABOUT_RETURN_TYPE = YES_ERROR;
				GCC_WARN_UNDECLARED_SELECTOR = YES;
				GCC_WARN_UNINITIALIZED_AUTOS = YES_AGGRESSIVE;
				GCC_WARN_UNUSED_FUNCTION = YES;
				GCC_WARN_UNUSED_VARIABLE = YES;
				IPHONEOS_DEPLOYMENT_TARGET = 9.0;
				MTL_ENABLE_DEBUG_INFO = YES;
				ONLY_ACTIVE_ARCH = YES;
				SDKROOT = iphoneos;
				SWIFT_ACTIVE_COMPILATION_CONDITIONS = DEBUG;
				SWIFT_OPTIMIZATION_LEVEL = "-Onone";
				TARGETED_DEVICE_FAMILY = "1,2";
			};
			name = Debug;
		};
		DA8AD6D01E8AE8D30072560C /* Release */ = {
			isa = XCBuildConfiguration;
			buildSettings = {
				ALWAYS_SEARCH_USER_PATHS = NO;
				CLANG_ANALYZER_NONNULL = YES;
				CLANG_CXX_LANGUAGE_STANDARD = "gnu++0x";
				CLANG_CXX_LIBRARY = "libc++";
				CLANG_ENABLE_MODULES = YES;
				CLANG_ENABLE_OBJC_ARC = YES;
				CLANG_WARN_BOOL_CONVERSION = YES;
				CLANG_WARN_CONSTANT_CONVERSION = YES;
				CLANG_WARN_DIRECT_OBJC_ISA_USAGE = YES_ERROR;
				CLANG_WARN_DOCUMENTATION_COMMENTS = YES;
				CLANG_WARN_EMPTY_BODY = YES;
				CLANG_WARN_ENUM_CONVERSION = YES;
				CLANG_WARN_INFINITE_RECURSION = YES;
				CLANG_WARN_INT_CONVERSION = YES;
				CLANG_WARN_OBJC_ROOT_CLASS = YES_ERROR;
				CLANG_WARN_SUSPICIOUS_MOVE = YES;
				CLANG_WARN_UNREACHABLE_CODE = YES;
				CLANG_WARN__DUPLICATE_METHOD_MATCH = YES;
				"CODE_SIGN_IDENTITY[sdk=iphoneos*]" = "iPhone Developer";
				COPY_PHASE_STRIP = NO;
				DEBUG_INFORMATION_FORMAT = "dwarf-with-dsym";
				ENABLE_NS_ASSERTIONS = NO;
				ENABLE_STRICT_OBJC_MSGSEND = YES;
				GCC_C_LANGUAGE_STANDARD = gnu99;
				GCC_NO_COMMON_BLOCKS = YES;
				GCC_WARN_64_TO_32_BIT_CONVERSION = YES;
				GCC_WARN_ABOUT_RETURN_TYPE = YES_ERROR;
				GCC_WARN_UNDECLARED_SELECTOR = YES;
				GCC_WARN_UNINITIALIZED_AUTOS = YES_AGGRESSIVE;
				GCC_WARN_UNUSED_FUNCTION = YES;
				GCC_WARN_UNUSED_VARIABLE = YES;
				IPHONEOS_DEPLOYMENT_TARGET = 9.0;
				MTL_ENABLE_DEBUG_INFO = NO;
				SDKROOT = iphoneos;
				SWIFT_OPTIMIZATION_LEVEL = "-Owholemodule";
				TARGETED_DEVICE_FAMILY = "1,2";
				VALIDATE_PRODUCT = YES;
			};
			name = Release;
		};
		DA8AD6D21E8AE8D30072560C /* Debug */ = {
			isa = XCBuildConfiguration;
			buildSettings = {
				DEVELOPMENT_TEAM = 7AMWG3RLHN;
				INFOPLIST_FILE = Hyperborea/Info.plist;
				LD_RUNPATH_SEARCH_PATHS = "$(inherited) @executable_path/Frameworks";
				PRODUCT_BUNDLE_IDENTIFIER = iturbide.Hyperborea;
				PRODUCT_NAME = "$(TARGET_NAME)";
				SWIFT_VERSION = 3.0;
			};
			name = Debug;
		};
		DA8AD6D31E8AE8D30072560C /* Release */ = {
			isa = XCBuildConfiguration;
			buildSettings = {
				DEVELOPMENT_TEAM = 7AMWG3RLHN;
				INFOPLIST_FILE = Hyperborea/Info.plist;
				LD_RUNPATH_SEARCH_PATHS = "$(inherited) @executable_path/Frameworks";
				PRODUCT_BUNDLE_IDENTIFIER = iturbide.Hyperborea;
				PRODUCT_NAME = "$(TARGET_NAME)";
				SWIFT_VERSION = 3.0;
			};
			name = Release;
		};
/* End XCBuildConfiguration section */

/* Begin XCConfigurationList section */
		DA8AD6BA1E8AE8D30072560C /* Build configuration list for PBXProject "Hyperborea" */ = {
			isa = XCConfigurationList;
			buildConfigurations = (
				DA8AD6CF1E8AE8D30072560C /* Debug */,
				DA8AD6D01E8AE8D30072560C /* Release */,
			);
			defaultConfigurationIsVisible = 0;
			defaultConfigurationName = Release;
		};
		DA8AD6D11E8AE8D30072560C /* Build configuration list for PBXNativeTarget "Hyperborea" */ = {
			isa = XCConfigurationList;
			buildConfigurations = (
				DA8AD6D21E8AE8D30072560C /* Debug */,
				DA8AD6D31E8AE8D30072560C /* Release */,
			);
			defaultConfigurationIsVisible = 0;
			defaultConfigurationName = Release;
		};
/* End XCConfigurationList section */
	};
	rootObject = DA8AD6B71E8AE8D30072560C /* Project object */;
}
